// !$*UTF8*$!
{
	archiveVersion = 1;
	classes = {
	};
	objectVersion = 55;
	objects = {

/* Begin PBXBuildFile section */
		4D65B57A2897DC5B000D26B8 /* GroupEditView.swift in Sources */ = {isa = PBXBuildFile; fileRef = 4D65B5792897DC5B000D26B8 /* GroupEditView.swift */; };
		4D70456C28978513004C4BFB /* SearchOpenEditApp.swift in Sources */ = {isa = PBXBuildFile; fileRef = 4D70456B28978513004C4BFB /* SearchOpenEditApp.swift */; };
		4D70456E28978513004C4BFB /* ContentView.swift in Sources */ = {isa = PBXBuildFile; fileRef = 4D70456D28978513004C4BFB /* ContentView.swift */; };
		4D70457028978514004C4BFB /* Assets.xcassets in Resources */ = {isa = PBXBuildFile; fileRef = 4D70456F28978514004C4BFB /* Assets.xcassets */; };
		4D70457328978514004C4BFB /* Preview Assets.xcassets in Resources */ = {isa = PBXBuildFile; fileRef = 4D70457228978514004C4BFB /* Preview Assets.xcassets */; };
		4D7045812897868C004C4BFB /* String.swift in Sources */ = {isa = PBXBuildFile; fileRef = 4D7045802897868C004C4BFB /* String.swift */; };
		4D70458528979DDF004C4BFB /* File.swift in Sources */ = {isa = PBXBuildFile; fileRef = 4D70458428979DDF004C4BFB /* File.swift */; };
		4D7045872897A5A2004C4BFB /* View.swift in Sources */ = {isa = PBXBuildFile; fileRef = 4D7045862897A5A2004C4BFB /* View.swift */; };
		4D70458B2897B5C7004C4BFB /* FileEditView.swift in Sources */ = {isa = PBXBuildFile; fileRef = 4D70458A2897B5C7004C4BFB /* FileEditView.swift */; };
		4DE5A2822898D510006E4E5F /* UserFileInfo.json in Resources */ = {isa = PBXBuildFile; fileRef = 4DE5A2802898D00C006E4E5F /* UserFileInfo.json */; };
/* End PBXBuildFile section */

/* Begin PBXFileReference section */
		4D65B5792897DC5B000D26B8 /* GroupEditView.swift */ = {isa = PBXFileReference; lastKnownFileType = sourcecode.swift; path = GroupEditView.swift; sourceTree = "<group>"; };
		4D65B57B2897F06D000D26B8 /* Info.plist */ = {isa = PBXFileReference; lastKnownFileType = text.plist; path = Info.plist; sourceTree = "<group>"; };
		4D70456828978513004C4BFB /* SearchOpenEdit.app */ = {isa = PBXFileReference; explicitFileType = wrapper.application; includeInIndex = 0; path = SearchOpenEdit.app; sourceTree = BUILT_PRODUCTS_DIR; };
		4D70456B28978513004C4BFB /* SearchOpenEditApp.swift */ = {isa = PBXFileReference; lastKnownFileType = sourcecode.swift; path = SearchOpenEditApp.swift; sourceTree = "<group>"; };
		4D70456D28978513004C4BFB /* ContentView.swift */ = {isa = PBXFileReference; lastKnownFileType = sourcecode.swift; path = ContentView.swift; sourceTree = "<group>"; };
		4D70456F28978514004C4BFB /* Assets.xcassets */ = {isa = PBXFileReference; lastKnownFileType = folder.assetcatalog; path = Assets.xcassets; sourceTree = "<group>"; };
		4D70457228978514004C4BFB /* Preview Assets.xcassets */ = {isa = PBXFileReference; lastKnownFileType = folder.assetcatalog; path = "Preview Assets.xcassets"; sourceTree = "<group>"; };
		4D70457428978514004C4BFB /* SearchOpenEdit.entitlements */ = {isa = PBXFileReference; lastKnownFileType = text.plist.entitlements; path = SearchOpenEdit.entitlements; sourceTree = "<group>"; };
		4D7045802897868C004C4BFB /* String.swift */ = {isa = PBXFileReference; fileEncoding = 4; lastKnownFileType = sourcecode.swift; path = String.swift; sourceTree = "<group>"; };
		4D70458428979DDF004C4BFB /* File.swift */ = {isa = PBXFileReference; lastKnownFileType = sourcecode.swift; path = File.swift; sourceTree = "<group>"; };
		4D7045862897A5A2004C4BFB /* View.swift */ = {isa = PBXFileReference; fileEncoding = 4; lastKnownFileType = sourcecode.swift; path = View.swift; sourceTree = "<group>"; };
		4D70458A2897B5C7004C4BFB /* FileEditView.swift */ = {isa = PBXFileReference; lastKnownFileType = sourcecode.swift; path = FileEditView.swift; sourceTree = "<group>"; };
		4DE5A2802898D00C006E4E5F /* UserFileInfo.json */ = {isa = PBXFileReference; fileEncoding = 4; lastKnownFileType = text.json; path = UserFileInfo.json; sourceTree = "<group>"; };
/* End PBXFileReference section */

/* Begin PBXFrameworksBuildPhase section */
		4D70456528978513004C4BFB /* Frameworks */ = {
			isa = PBXFrameworksBuildPhase;
			buildActionMask = 2147483647;
			files = (
			);
			runOnlyForDeploymentPostprocessing = 0;
		};
/* End PBXFrameworksBuildPhase section */

/* Begin PBXGroup section */
		4D70455F28978513004C4BFB = {
			isa = PBXGroup;
			children = (
				4D70456A28978513004C4BFB /* SearchOpenEdit */,
				4D70456928978513004C4BFB /* Products */,
			);
			sourceTree = "<group>";
		};
		4D70456928978513004C4BFB /* Products */ = {
			isa = PBXGroup;
			children = (
				4D70456828978513004C4BFB /* SearchOpenEdit.app */,
			);
			name = Products;
			sourceTree = "<group>";
		};
		4D70456A28978513004C4BFB /* SearchOpenEdit */ = {
			isa = PBXGroup;
			children = (
				4D65B57B2897F06D000D26B8 /* Info.plist */,
				4D70457C28978554004C4BFB /* View */,
				4D70457D2897855A004C4BFB /* Class */,
				4D70456F28978514004C4BFB /* Assets.xcassets */,
				4DE5A2802898D00C006E4E5F /* UserFileInfo.json */,
				4D70457428978514004C4BFB /* SearchOpenEdit.entitlements */,
				4D70457128978514004C4BFB /* Preview Content */,
			);
			path = SearchOpenEdit;
			sourceTree = "<group>";
		};
		4D70457128978514004C4BFB /* Preview Content */ = {
			isa = PBXGroup;
			children = (
				4D70457228978514004C4BFB /* Preview Assets.xcassets */,
			);
			path = "Preview Content";
			sourceTree = "<group>";
		};
		4D70457C28978554004C4BFB /* View */ = {
			isa = PBXGroup;
			children = (
				4D70456B28978513004C4BFB /* SearchOpenEditApp.swift */,
				4D70456D28978513004C4BFB /* ContentView.swift */,
				4D65B5792897DC5B000D26B8 /* GroupEditView.swift */,
				4D70458A2897B5C7004C4BFB /* FileEditView.swift */,
				4D7045862897A5A2004C4BFB /* View.swift */,
			);
			path = View;
			sourceTree = "<group>";
		};
		4D70457D2897855A004C4BFB /* Class */ = {
			isa = PBXGroup;
			children = (
				4D70458428979DDF004C4BFB /* File.swift */,
				4D7045802897868C004C4BFB /* String.swift */,
			);
			path = Class;
			sourceTree = "<group>";
		};
/* End PBXGroup section */

/* Begin PBXNativeTarget section */
		4D70456728978513004C4BFB /* SearchOpenEdit */ = {
			isa = PBXNativeTarget;
			buildConfigurationList = 4D70457728978514004C4BFB /* Build configuration list for PBXNativeTarget "SearchOpenEdit" */;
			buildPhases = (
				4D70456428978513004C4BFB /* Sources */,
				4D70456528978513004C4BFB /* Frameworks */,
				4D70456628978513004C4BFB /* Resources */,
			);
			buildRules = (
			);
			dependencies = (
			);
			name = SearchOpenEdit;
			productName = SearchOpenEdit;
			productReference = 4D70456828978513004C4BFB /* SearchOpenEdit.app */;
			productType = "com.apple.product-type.application";
		};
/* End PBXNativeTarget section */

/* Begin PBXProject section */
		4D70456028978513004C4BFB /* Project object */ = {
			isa = PBXProject;
			attributes = {
				BuildIndependentTargetsInParallel = 1;
				LastSwiftUpdateCheck = 1340;
				LastUpgradeCheck = 1340;
				TargetAttributes = {
					4D70456728978513004C4BFB = {
						CreatedOnToolsVersion = 13.4;
					};
				};
			};
			buildConfigurationList = 4D70456328978513004C4BFB /* Build configuration list for PBXProject "SearchOpenEdit" */;
			compatibilityVersion = "Xcode 13.0";
			developmentRegion = en;
			hasScannedForEncodings = 0;
			knownRegions = (
				en,
				Base,
			);
			mainGroup = 4D70455F28978513004C4BFB;
			productRefGroup = 4D70455F28978513004C4BFB;
			projectDirPath = "";
			projectRoot = "";
			targets = (
				4D70456728978513004C4BFB /* SearchOpenEdit */,
			);
		};
/* End PBXProject section */

/* Begin PBXResourcesBuildPhase section */
		4D70456628978513004C4BFB /* Resources */ = {
			isa = PBXResourcesBuildPhase;
			buildActionMask = 2147483647;
			files = (
				4DE5A2822898D510006E4E5F /* UserFileInfo.json in Resources */,
				4D70457328978514004C4BFB /* Preview Assets.xcassets in Resources */,
				4D70457028978514004C4BFB /* Assets.xcassets in Resources */,
			);
			runOnlyForDeploymentPostprocessing = 0;
		};
/* End PBXResourcesBuildPhase section */

/* Begin PBXSourcesBuildPhase section */
		4D70456428978513004C4BFB /* Sources */ = {
			isa = PBXSourcesBuildPhase;
			buildActionMask = 2147483647;
			files = (
				4D70458B2897B5C7004C4BFB /* FileEditView.swift in Sources */,
				4D65B57A2897DC5B000D26B8 /* GroupEditView.swift in Sources */,
				4D70458528979DDF004C4BFB /* File.swift in Sources */,
				4D7045812897868C004C4BFB /* String.swift in Sources */,
				4D7045872897A5A2004C4BFB /* View.swift in Sources */,
				4D70456E28978513004C4BFB /* ContentView.swift in Sources */,
				4D70456C28978513004C4BFB /* SearchOpenEditApp.swift in Sources */,
			);
			runOnlyForDeploymentPostprocessing = 0;
		};
/* End PBXSourcesBuildPhase section */

/* Begin XCBuildConfiguration section */
		4D70457528978514004C4BFB /* Debug */ = {
			isa = XCBuildConfiguration;
			buildSettings = {
				ALWAYS_SEARCH_USER_PATHS = NO;
				CLANG_ANALYZER_NONNULL = YES;
				CLANG_ANALYZER_NUMBER_OBJECT_CONVERSION = YES_AGGRESSIVE;
				CLANG_CXX_LANGUAGE_STANDARD = "gnu++17";
				CLANG_ENABLE_MODULES = YES;
				CLANG_ENABLE_OBJC_ARC = YES;
				CLANG_ENABLE_OBJC_WEAK = YES;
				CLANG_WARN_BLOCK_CAPTURE_AUTORELEASING = YES;
				CLANG_WARN_BOOL_CONVERSION = YES;
				CLANG_WARN_COMMA = YES;
				CLANG_WARN_CONSTANT_CONVERSION = YES;
				CLANG_WARN_DEPRECATED_OBJC_IMPLEMENTATIONS = YES;
				CLANG_WARN_DIRECT_OBJC_ISA_USAGE = YES_ERROR;
				CLANG_WARN_DOCUMENTATION_COMMENTS = YES;
				CLANG_WARN_EMPTY_BODY = YES;
				CLANG_WARN_ENUM_CONVERSION = YES;
				CLANG_WARN_INFINITE_RECURSION = YES;
				CLANG_WARN_INT_CONVERSION = YES;
				CLANG_WARN_NON_LITERAL_NULL_CONVERSION = YES;
				CLANG_WARN_OBJC_IMPLICIT_RETAIN_SELF = YES;
				CLANG_WARN_OBJC_LITERAL_CONVERSION = YES;
				CLANG_WARN_OBJC_ROOT_CLASS = YES_ERROR;
				CLANG_WARN_QUOTED_INCLUDE_IN_FRAMEWORK_HEADER = YES;
				CLANG_WARN_RANGE_LOOP_ANALYSIS = YES;
				CLANG_WARN_STRICT_PROTOTYPES = YES;
				CLANG_WARN_SUSPICIOUS_MOVE = YES;
				CLANG_WARN_UNGUARDED_AVAILABILITY = YES_AGGRESSIVE;
				CLANG_WARN_UNREACHABLE_CODE = YES;
				CLANG_WARN__DUPLICATE_METHOD_MATCH = YES;
				COPY_PHASE_STRIP = NO;
				DEBUG_INFORMATION_FORMAT = dwarf;
				ENABLE_STRICT_OBJC_MSGSEND = YES;
				ENABLE_TESTABILITY = YES;
				GCC_C_LANGUAGE_STANDARD = gnu11;
				GCC_DYNAMIC_NO_PIC = NO;
				GCC_NO_COMMON_BLOCKS = YES;
				GCC_OPTIMIZATION_LEVEL = 0;
				GCC_PREPROCESSOR_DEFINITIONS = (
					"DEBUG=1",
					"$(inherited)",
				);
				GCC_WARN_64_TO_32_BIT_CONVERSION = YES;
				GCC_WARN_ABOUT_RETURN_TYPE = YES_ERROR;
				GCC_WARN_UNDECLARED_SELECTOR = YES;
				GCC_WARN_UNINITIALIZED_AUTOS = YES_AGGRESSIVE;
				GCC_WARN_UNUSED_FUNCTION = YES;
				GCC_WARN_UNUSED_VARIABLE = YES;
				MACOSX_DEPLOYMENT_TARGET = 12.3;
				MTL_ENABLE_DEBUG_INFO = INCLUDE_SOURCE;
				MTL_FAST_MATH = YES;
				ONLY_ACTIVE_ARCH = YES;
				SDKROOT = macosx;
				SWIFT_ACTIVE_COMPILATION_CONDITIONS = DEBUG;
				SWIFT_OPTIMIZATION_LEVEL = "-Onone";
			};
			name = Debug;
		};
		4D70457628978514004C4BFB /* Release */ = {
			isa = XCBuildConfiguration;
			buildSettings = {
				ALWAYS_SEARCH_USER_PATHS = NO;
				CLANG_ANALYZER_NONNULL = YES;
				CLANG_ANALYZER_NUMBER_OBJECT_CONVERSION = YES_AGGRESSIVE;
				CLANG_CXX_LANGUAGE_STANDARD = "gnu++17";
				CLANG_ENABLE_MODULES = YES;
				CLANG_ENABLE_OBJC_ARC = YES;
				CLANG_ENABLE_OBJC_WEAK = YES;
				CLANG_WARN_BLOCK_CAPTURE_AUTORELEASING = YES;
				CLANG_WARN_BOOL_CONVERSION = YES;
				CLANG_WARN_COMMA = YES;
				CLANG_WARN_CONSTANT_CONVERSION = YES;
				CLANG_WARN_DEPRECATED_OBJC_IMPLEMENTATIONS = YES;
				CLANG_WARN_DIRECT_OBJC_ISA_USAGE = YES_ERROR;
				CLANG_WARN_DOCUMENTATION_COMMENTS = YES;
				CLANG_WARN_EMPTY_BODY = YES;
				CLANG_WARN_ENUM_CONVERSION = YES;
				CLANG_WARN_INFINITE_RECURSION = YES;
				CLANG_WARN_INT_CONVERSION = YES;
				CLANG_WARN_NON_LITERAL_NULL_CONVERSION = YES;
				CLANG_WARN_OBJC_IMPLICIT_RETAIN_SELF = YES;
				CLANG_WARN_OBJC_LITERAL_CONVERSION = YES;
				CLANG_WARN_OBJC_ROOT_CLASS = YES_ERROR;
				CLANG_WARN_QUOTED_INCLUDE_IN_FRAMEWORK_HEADER = YES;
				CLANG_WARN_RANGE_LOOP_ANALYSIS = YES;
				CLANG_WARN_STRICT_PROTOTYPES = YES;
				CLANG_WARN_SUSPICIOUS_MOVE = YES;
				CLANG_WARN_UNGUARDED_AVAILABILITY = YES_AGGRESSIVE;
				CLANG_WARN_UNREACHABLE_CODE = YES;
				CLANG_WARN__DUPLICATE_METHOD_MATCH = YES;
				COPY_PHASE_STRIP = NO;
				DEBUG_INFORMATION_FORMAT = "dwarf-with-dsym";
				ENABLE_NS_ASSERTIONS = NO;
				ENABLE_STRICT_OBJC_MSGSEND = YES;
				GCC_C_LANGUAGE_STANDARD = gnu11;
				GCC_NO_COMMON_BLOCKS = YES;
				GCC_WARN_64_TO_32_BIT_CONVERSION = YES;
				GCC_WARN_ABOUT_RETURN_TYPE = YES_ERROR;
				GCC_WARN_UNDECLARED_SELECTOR = YES;
				GCC_WARN_UNINITIALIZED_AUTOS = YES_AGGRESSIVE;
				GCC_WARN_UNUSED_FUNCTION = YES;
				GCC_WARN_UNUSED_VARIABLE = YES;
				MACOSX_DEPLOYMENT_TARGET = 12.3;
				MTL_ENABLE_DEBUG_INFO = NO;
				MTL_FAST_MATH = YES;
				SDKROOT = macosx;
				SWIFT_COMPILATION_MODE = wholemodule;
				SWIFT_OPTIMIZATION_LEVEL = "-O";
			};
			name = Release;
		};
		4D70457828978514004C4BFB /* Debug */ = {
			isa = XCBuildConfiguration;
			buildSettings = {
				ASSETCATALOG_COMPILER_APPICON_NAME = AppIcon;
				ASSETCATALOG_COMPILER_GLOBAL_ACCENT_COLOR_NAME = AccentColor;
				CODE_SIGN_ENTITLEMENTS = SearchOpenEdit/SearchOpenEdit.entitlements;
				CODE_SIGN_STYLE = Automatic;
				COMBINE_HIDPI_IMAGES = YES;
				CURRENT_PROJECT_VERSION = 1;
				DEVELOPMENT_ASSET_PATHS = "\"SearchOpenEdit/Preview Content\"";
				ENABLE_PREVIEWS = YES;
				GENERATE_INFOPLIST_FILE = YES;
				INFOPLIST_FILE = SearchOpenEdit/Info.plist;
				INFOPLIST_KEY_NSHumanReadableCopyright = "";
				LD_RUNPATH_SEARCH_PATHS = (
					"$(inherited)",
					"@executable_path/../Frameworks",
				);
				MARKETING_VERSION = 1.0;
				PRODUCT_BUNDLE_IDENTIFIER = com.sdk.SearchOpenEdit;
				PRODUCT_NAME = "$(TARGET_NAME)";
				SWIFT_EMIT_LOC_STRINGS = YES;
				SWIFT_VERSION = 5.0;
			};
			name = Debug;
		};
		4D70457928978514004C4BFB /* Release */ = {
			isa = XCBuildConfiguration;
			buildSettings = {
				ASSETCATALOG_COMPILER_APPICON_NAME = AppIcon;
				ASSETCATALOG_COMPILER_GLOBAL_ACCENT_COLOR_NAME = AccentColor;
				CODE_SIGN_ENTITLEMENTS = SearchOpenEdit/SearchOpenEdit.entitlements;
				CODE_SIGN_STYLE = Automatic;
				COMBINE_HIDPI_IMAGES = YES;
				CURRENT_PROJECT_VERSION = 1;
				DEVELOPMENT_ASSET_PATHS = "\"SearchOpenEdit/Preview Content\"";
				ENABLE_PREVIEWS = YES;
				GENERATE_INFOPLIST_FILE = YES;
				INFOPLIST_FILE = SearchOpenEdit/Info.plist;
				INFOPLIST_KEY_NSHumanReadableCopyright = "";
				LD_RUNPATH_SEARCH_PATHS = (
					"$(inherited)",
					"@executable_path/../Frameworks",
				);
				MARKETING_VERSION = 1.0;
				PRODUCT_BUNDLE_IDENTIFIER = com.sdk.SearchOpenEdit;
				PRODUCT_NAME = "$(TARGET_NAME)";
				SWIFT_EMIT_LOC_STRINGS = YES;
				SWIFT_VERSION = 5.0;
			};
			name = Release;
		};
/* End XCBuildConfiguration section */

/* Begin XCConfigurationList section */
		4D70456328978513004C4BFB /* Build configuration list for PBXProject "SearchOpenEdit" */ = {
			isa = XCConfigurationList;
			buildConfigurations = (
				4D70457528978514004C4BFB /* Debug */,
				4D70457628978514004C4BFB /* Release */,
			);
			defaultConfigurationIsVisible = 0;
			defaultConfigurationName = Release;
		};
		4D70457728978514004C4BFB /* Build configuration list for PBXNativeTarget "SearchOpenEdit" */ = {
			isa = XCConfigurationList;
			buildConfigurations = (
				4D70457828978514004C4BFB /* Debug */,
				4D70457928978514004C4BFB /* Release */,
			);
			defaultConfigurationIsVisible = 0;
			defaultConfigurationName = Release;
		};
/* End XCConfigurationList section */
	};
	rootObject = 4D70456028978513004C4BFB /* Project object */;
}
