// !$*UTF8*$!
{
	archiveVersion = 1;
	classes = {
	};
	objectVersion = 55;
	objects = {

/* Begin PBXBuildFile section */
		4D7044E82890E1D5004C4BFB /* main.swift in Sources */ = {isa = PBXBuildFile; fileRef = 4D7044E72890E1D5004C4BFB /* main.swift */; };
		4D7044ED2890E1E5004C4BFB /* ArgumentParser in Frameworks */ = {isa = PBXBuildFile; productRef = 4D7044EC2890E1E5004C4BFB /* ArgumentParser */; };
		4D7044EF2890E23A004C4BFB /* SearchOpen.swift in Sources */ = {isa = PBXBuildFile; fileRef = 4D7044EE2890E23A004C4BFB /* SearchOpen.swift */; };
		4D7044F02890E252004C4BFB /* Alfred.swift in Sources */ = {isa = PBXBuildFile; fileRef = 4DFFEBB227F84C4E000B2C9C /* Alfred.swift */; };
		4D7044F12890E252004C4BFB /* AlfredItem.swift in Sources */ = {isa = PBXBuildFile; fileRef = 4DFFEBA827F71998000B2C9C /* AlfredItem.swift */; };
		4D7044F32890E252004C4BFB /* AlfredUtils.swift in Sources */ = {isa = PBXBuildFile; fileRef = 4DFFEBA927F71998000B2C9C /* AlfredUtils.swift */; };
		4D7044F42890E252004C4BFB /* String.swift in Sources */ = {isa = PBXBuildFile; fileRef = 4D43A0AF27F097B70004F08F /* String.swift */; };
		4D7060CF2887FA790029A04B /* main.swift in Sources */ = {isa = PBXBuildFile; fileRef = 4D7060CE2887FA790029A04B /* main.swift */; };
		4D7060D42887FAB90029A04B /* ArgumentParser in Frameworks */ = {isa = PBXBuildFile; productRef = 4D7060D32887FAB90029A04B /* ArgumentParser */; };
		4D7060D52887FEDF0029A04B /* Date.swift in Sources */ = {isa = PBXBuildFile; fileRef = 4D43A13227F4273F0004F08F /* Date.swift */; };
		4D7060D72888008F0029A04B /* WeeklyDataManager.swift in Sources */ = {isa = PBXBuildFile; fileRef = 4D7060D62888008F0029A04B /* WeeklyDataManager.swift */; };
		4D7060D8288801A30029A04B /* String.swift in Sources */ = {isa = PBXBuildFile; fileRef = 4D43A0AF27F097B70004F08F /* String.swift */; };
		4D7060D9288801A80029A04B /* String.swift in Sources */ = {isa = PBXBuildFile; fileRef = 4D43A0AF27F097B70004F08F /* String.swift */; };
		4D7060DA288802B60029A04B /* Alfred.swift in Sources */ = {isa = PBXBuildFile; fileRef = 4DFFEBB227F84C4E000B2C9C /* Alfred.swift */; };
		4D7060DB288802B90029A04B /* AlfredItem.swift in Sources */ = {isa = PBXBuildFile; fileRef = 4DFFEBA827F71998000B2C9C /* AlfredItem.swift */; };
		4D7060DC288802FA0029A04B /* AlfredUtils.swift in Sources */ = {isa = PBXBuildFile; fileRef = 4DFFEBA927F71998000B2C9C /* AlfredUtils.swift */; };
		4D7473F628AE0E47002CD4DD /* Plist.swift in Sources */ = {isa = PBXBuildFile; fileRef = 4DFFEBA727F71998000B2C9C /* Plist.swift */; };
		4D98A9FE28B474E100CF256E /* AES.swift in Sources */ = {isa = PBXBuildFile; fileRef = 4D98A9D228B474E100CF256E /* AES.swift */; };
		4D98A9FF28B474E100CF256E /* StreamDecryptor.swift in Sources */ = {isa = PBXBuildFile; fileRef = 4D98A9D328B474E100CF256E /* StreamDecryptor.swift */; };
		4D98AA0028B474E100CF256E /* BlockEncryptor.swift in Sources */ = {isa = PBXBuildFile; fileRef = 4D98A9D428B474E100CF256E /* BlockEncryptor.swift */; };
		4D98AA0128B474E100CF256E /* UInt64+Extension.swift in Sources */ = {isa = PBXBuildFile; fileRef = 4D98A9D528B474E100CF256E /* UInt64+Extension.swift */; };
		4D98AA0228B474E100CF256E /* Cryptors.swift in Sources */ = {isa = PBXBuildFile; fileRef = 4D98A9D628B474E100CF256E /* Cryptors.swift */; };
		4D98AA0328B474E100CF256E /* ISO10126Padding.swift in Sources */ = {isa = PBXBuildFile; fileRef = 4D98A9D728B474E100CF256E /* ISO10126Padding.swift */; };
		4D98AA0428B474E100CF256E /* Cipher.swift in Sources */ = {isa = PBXBuildFile; fileRef = 4D98A9D828B474E100CF256E /* Cipher.swift */; };
		4D98AA0528B474E100CF256E /* Int+Extension.swift in Sources */ = {isa = PBXBuildFile; fileRef = 4D98A9D928B474E100CF256E /* Int+Extension.swift */; };
		4D98AA0628B474E100CF256E /* AES.Cryptors.swift in Sources */ = {isa = PBXBuildFile; fileRef = 4D98A9DA28B474E100CF256E /* AES.Cryptors.swift */; };
		4D98AA0728B474E100CF256E /* Bit.swift in Sources */ = {isa = PBXBuildFile; fileRef = 4D98A9DB28B474E100CF256E /* Bit.swift */; };
		4D98AA0828B474E100CF256E /* UInt32+Extension.swift in Sources */ = {isa = PBXBuildFile; fileRef = 4D98A9DC28B474E100CF256E /* UInt32+Extension.swift */; };
		4D98AA0928B474E100CF256E /* NoPadding.swift in Sources */ = {isa = PBXBuildFile; fileRef = 4D98A9DD28B474E100CF256E /* NoPadding.swift */; };
		4D98AA0A28B474E100CF256E /* Data+Extension.swift in Sources */ = {isa = PBXBuildFile; fileRef = 4D98A9DF28B474E100CF256E /* Data+Extension.swift */; };
		4D98AA0B28B474E100CF256E /* Array+Foundation.swift in Sources */ = {isa = PBXBuildFile; fileRef = 4D98A9E028B474E100CF256E /* Array+Foundation.swift */; };
		4D98AA0C28B474E100CF256E /* AES+Foundation.swift in Sources */ = {isa = PBXBuildFile; fileRef = 4D98A9E128B474E100CF256E /* AES+Foundation.swift */; };
		4D98AA0D28B474E100CF256E /* Cryptor.swift in Sources */ = {isa = PBXBuildFile; fileRef = 4D98A9E228B474E100CF256E /* Cryptor.swift */; };
		4D98AA0E28B474E100CF256E /* BatchedCollection.swift in Sources */ = {isa = PBXBuildFile; fileRef = 4D98A9E328B474E100CF256E /* BatchedCollection.swift */; };
		4D98AA0F28B474E100CF256E /* ISO78164Padding.swift in Sources */ = {isa = PBXBuildFile; fileRef = 4D98A9E428B474E100CF256E /* ISO78164Padding.swift */; };
		4D98AA1028B474E100CF256E /* SecureBytes.swift in Sources */ = {isa = PBXBuildFile; fileRef = 4D98A9E528B474E100CF256E /* SecureBytes.swift */; };
		4D98AA1128B474E100CF256E /* ZeroPadding.swift in Sources */ = {isa = PBXBuildFile; fileRef = 4D98A9E628B474E100CF256E /* ZeroPadding.swift */; };
		4D98AA1228B474E100CF256E /* String+Extension.swift in Sources */ = {isa = PBXBuildFile; fileRef = 4D98A9E728B474E100CF256E /* String+Extension.swift */; };
		4D98AA1328B474E100CF256E /* Authenticator.swift in Sources */ = {isa = PBXBuildFile; fileRef = 4D98A9E828B474E100CF256E /* Authenticator.swift */; };
		4D98AA1428B474E100CF256E /* BlockCipher.swift in Sources */ = {isa = PBXBuildFile; fileRef = 4D98A9E928B474E100CF256E /* BlockCipher.swift */; };
		4D98AA1528B474E100CF256E /* Updatable.swift in Sources */ = {isa = PBXBuildFile; fileRef = 4D98A9EA28B474E100CF256E /* Updatable.swift */; };
		4D98AA1628B474E100CF256E /* BlockDecryptor.swift in Sources */ = {isa = PBXBuildFile; fileRef = 4D98A9EB28B474E100CF256E /* BlockDecryptor.swift */; };
		4D98AA1728B474E100CF256E /* StreamEncryptor.swift in Sources */ = {isa = PBXBuildFile; fileRef = 4D98A9EC28B474E100CF256E /* StreamEncryptor.swift */; };
		4D98AA1828B474E100CF256E /* Utils.swift in Sources */ = {isa = PBXBuildFile; fileRef = 4D98A9ED28B474E100CF256E /* Utils.swift */; };
		4D98AA1928B474E100CF256E /* Generics.swift in Sources */ = {isa = PBXBuildFile; fileRef = 4D98A9EE28B474E100CF256E /* Generics.swift */; };
		4D98AA1A28B474E100CF256E /* Padding.swift in Sources */ = {isa = PBXBuildFile; fileRef = 4D98A9EF28B474E100CF256E /* Padding.swift */; };
		4D98AA1B28B474E100CF256E /* PKCS7Padding.swift in Sources */ = {isa = PBXBuildFile; fileRef = 4D98A9F128B474E100CF256E /* PKCS7Padding.swift */; };
		4D98AA1C28B474E100CF256E /* PKCS5.swift in Sources */ = {isa = PBXBuildFile; fileRef = 4D98A9F228B474E100CF256E /* PKCS5.swift */; };
		4D98AA1D28B474E100CF256E /* PKCS7.swift in Sources */ = {isa = PBXBuildFile; fileRef = 4D98A9F328B474E100CF256E /* PKCS7.swift */; };
		4D98AA1E28B474E100CF256E /* BlockModeOptions.swift in Sources */ = {isa = PBXBuildFile; fileRef = 4D98A9F528B474E100CF256E /* BlockModeOptions.swift */; };
		4D98AA1F28B474E100CF256E /* CFB.swift in Sources */ = {isa = PBXBuildFile; fileRef = 4D98A9F628B474E100CF256E /* CFB.swift */; };
		4D98AA2028B474E100CF256E /* CBC.swift in Sources */ = {isa = PBXBuildFile; fileRef = 4D98A9F728B474E100CF256E /* CBC.swift */; };
		4D98AA2128B474E100CF256E /* ECB.swift in Sources */ = {isa = PBXBuildFile; fileRef = 4D98A9F828B474E100CF256E /* ECB.swift */; };
		4D98AA2228B474E100CF256E /* BlockMode.swift in Sources */ = {isa = PBXBuildFile; fileRef = 4D98A9F928B474E100CF256E /* BlockMode.swift */; };
		4D98AA2328B474E100CF256E /* CipherModeWorker.swift in Sources */ = {isa = PBXBuildFile; fileRef = 4D98A9FA28B474E100CF256E /* CipherModeWorker.swift */; };
		4D98AA2428B474E100CF256E /* CTR.swift in Sources */ = {isa = PBXBuildFile; fileRef = 4D98A9FB28B474E100CF256E /* CTR.swift */; };
		4D98AA2528B474E100CF256E /* OFB.swift in Sources */ = {isa = PBXBuildFile; fileRef = 4D98A9FC28B474E100CF256E /* OFB.swift */; };
		4D98AA2628B474E100CF256E /* Array+Extension.swift in Sources */ = {isa = PBXBuildFile; fileRef = 4D98A9FD28B474E100CF256E /* Array+Extension.swift */; };
		4D98AA2928B4771200CF256E /* Alfred+Script.swift in Sources */ = {isa = PBXBuildFile; fileRef = 4D98AA2728B476F400CF256E /* Alfred+Script.swift */; };
		4D98AA4728B7556D00CF256E /* main.swift in Sources */ = {isa = PBXBuildFile; fileRef = 4D98AA4628B7556D00CF256E /* main.swift */; };
		4D98AA4D28B7559600CF256E /* Regex.swift in Sources */ = {isa = PBXBuildFile; fileRef = 4D98AA4B28B7559600CF256E /* Regex.swift */; };
		4D98AA4E28B7559600CF256E /* NSTask-execute.swift in Sources */ = {isa = PBXBuildFile; fileRef = 4D98AA4C28B7559600CF256E /* NSTask-execute.swift */; };
		4D98AA4F28B755A100CF256E /* Alfred.swift in Sources */ = {isa = PBXBuildFile; fileRef = 4DFFEBB227F84C4E000B2C9C /* Alfred.swift */; };
		4D98AA5028B755A300CF256E /* AlfredItem.swift in Sources */ = {isa = PBXBuildFile; fileRef = 4DFFEBA827F71998000B2C9C /* AlfredItem.swift */; };
		4D98AA5128B755A700CF256E /* AlfredUtils.swift in Sources */ = {isa = PBXBuildFile; fileRef = 4DFFEBA927F71998000B2C9C /* AlfredUtils.swift */; };
		4D98AA5228B755B000CF256E /* String.swift in Sources */ = {isa = PBXBuildFile; fileRef = 4D43A0AF27F097B70004F08F /* String.swift */; };
		4D98AA5428B7560600CF256E /* DistinctProvisionProfile.swift in Sources */ = {isa = PBXBuildFile; fileRef = 4D98AA5328B7560600CF256E /* DistinctProvisionProfile.swift */; };
		4D98AA5628B756AB00CF256E /* ArgumentParser in Frameworks */ = {isa = PBXBuildFile; productRef = 4D98AA5528B756AB00CF256E /* ArgumentParser */; };
		4DAC73E3284713DA00F17A3C /* main.swift in Sources */ = {isa = PBXBuildFile; fileRef = 4DAC73E2284713DA00F17A3C /* main.swift */; };
		4DAC73E7284713F400F17A3C /* FlatAESCrypto.swift in Sources */ = {isa = PBXBuildFile; fileRef = 4D8107EB280E9CC500F66817 /* FlatAESCrypto.swift */; };
		4DAC73E92847147300F17A3C /* ArgumentParser in Frameworks */ = {isa = PBXBuildFile; productRef = 4DAC73E82847147300F17A3C /* ArgumentParser */; };
		4DAC73EA2847149300F17A3C /* AlfredUtils.swift in Sources */ = {isa = PBXBuildFile; fileRef = 4DFFEBA927F71998000B2C9C /* AlfredUtils.swift */; };
		4DAC73EB284714A100F17A3C /* AlfredItem.swift in Sources */ = {isa = PBXBuildFile; fileRef = 4DFFEBA827F71998000B2C9C /* AlfredItem.swift */; };
		4DAC73EC284714A100F17A3C /* Alfred.swift in Sources */ = {isa = PBXBuildFile; fileRef = 4DFFEBB227F84C4E000B2C9C /* Alfred.swift */; };
		4DAC73ED284714B000F17A3C /* String.swift in Sources */ = {isa = PBXBuildFile; fileRef = 4D43A0AF27F097B70004F08F /* String.swift */; };
		4DAC73EE284714BE00F17A3C /* CurlParser.swift in Sources */ = {isa = PBXBuildFile; fileRef = 4D8107F1280FD4DE00F66817 /* CurlParser.swift */; };
		4DAC73F72847195400F17A3C /* main.swift in Sources */ = {isa = PBXBuildFile; fileRef = 4DAC73F62847195400F17A3C /* main.swift */; };
		4DAC73FB2847196600F17A3C /* DecodeEncodeTool.swift in Sources */ = {isa = PBXBuildFile; fileRef = 4D43A11927F404340004F08F /* DecodeEncodeTool.swift */; };
		4DAC73FC2847197700F17A3C /* Alfred.swift in Sources */ = {isa = PBXBuildFile; fileRef = 4DFFEBB227F84C4E000B2C9C /* Alfred.swift */; };
		4DAC73FD2847197700F17A3C /* AlfredItem.swift in Sources */ = {isa = PBXBuildFile; fileRef = 4DFFEBA827F71998000B2C9C /* AlfredItem.swift */; };
		4DAC74002847199D00F17A3C /* String.swift in Sources */ = {isa = PBXBuildFile; fileRef = 4D43A0AF27F097B70004F08F /* String.swift */; };
		4DAC7401284719B800F17A3C /* AlfredUtils.swift in Sources */ = {isa = PBXBuildFile; fileRef = 4DFFEBA927F71998000B2C9C /* AlfredUtils.swift */; };
		4DAC7404284719FF00F17A3C /* ArgumentParser in Frameworks */ = {isa = PBXBuildFile; productRef = 4DAC7403284719FF00F17A3C /* ArgumentParser */; };
		4DAC740C28471AC400F17A3C /* main.swift in Sources */ = {isa = PBXBuildFile; fileRef = 4DAC740B28471AC400F17A3C /* main.swift */; };
		4DAC741028471ACA00F17A3C /* ColorTool.swift in Sources */ = {isa = PBXBuildFile; fileRef = 4D43A0A527F054AA0004F08F /* ColorTool.swift */; };
		4DAC741128471AD300F17A3C /* Alfred.swift in Sources */ = {isa = PBXBuildFile; fileRef = 4DFFEBB227F84C4E000B2C9C /* Alfred.swift */; };
		4DAC741328471AD300F17A3C /* AlfredItem.swift in Sources */ = {isa = PBXBuildFile; fileRef = 4DFFEBA827F71998000B2C9C /* AlfredItem.swift */; };
		4DAC741428471AD300F17A3C /* AlfredUtils.swift in Sources */ = {isa = PBXBuildFile; fileRef = 4DFFEBA927F71998000B2C9C /* AlfredUtils.swift */; };
		4DAC741628471ADF00F17A3C /* ArgumentParser in Frameworks */ = {isa = PBXBuildFile; productRef = 4DAC741528471ADF00F17A3C /* ArgumentParser */; };
		4DAC741728471B4100F17A3C /* String.swift in Sources */ = {isa = PBXBuildFile; fileRef = 4D43A0AF27F097B70004F08F /* String.swift */; };
		4DAC741828471B6700F17A3C /* Color.swift in Sources */ = {isa = PBXBuildFile; fileRef = 4D43A0A927F057EA0004F08F /* Color.swift */; };
		4DAC741928471B7600F17A3C /* Image.swift in Sources */ = {isa = PBXBuildFile; fileRef = 4D43A0A827F057E90004F08F /* Image.swift */; };
		4DAC742428471EE800F17A3C /* main.swift in Sources */ = {isa = PBXBuildFile; fileRef = 4DAC742328471EE800F17A3C /* main.swift */; };
		4DAC742828471EEE00F17A3C /* Timestamp.swift in Sources */ = {isa = PBXBuildFile; fileRef = 4D43A0F327F2DEEF0004F08F /* Timestamp.swift */; };
		4DAC742928471F6F00F17A3C /* AlfredItem.swift in Sources */ = {isa = PBXBuildFile; fileRef = 4DFFEBA827F71998000B2C9C /* AlfredItem.swift */; };
		4DAC742B28471F6F00F17A3C /* Alfred.swift in Sources */ = {isa = PBXBuildFile; fileRef = 4DFFEBB227F84C4E000B2C9C /* Alfred.swift */; };
		4DAC742C28471F7900F17A3C /* String.swift in Sources */ = {isa = PBXBuildFile; fileRef = 4D43A0AF27F097B70004F08F /* String.swift */; };
		4DAC742D28471F8900F17A3C /* AlfredUtils.swift in Sources */ = {isa = PBXBuildFile; fileRef = 4DFFEBA927F71998000B2C9C /* AlfredUtils.swift */; };
		4DAC742E2847205600F17A3C /* Date.swift in Sources */ = {isa = PBXBuildFile; fileRef = 4D43A13227F4273F0004F08F /* Date.swift */; };
		4DAC74302847208100F17A3C /* ArgumentParser in Frameworks */ = {isa = PBXBuildFile; productRef = 4DAC742F2847208100F17A3C /* ArgumentParser */; };
		4DAC7438284734A500F17A3C /* main.swift in Sources */ = {isa = PBXBuildFile; fileRef = 4DAC7437284734A500F17A3C /* main.swift */; };
		4DAC743D284734E600F17A3C /* ArgumentParser in Frameworks */ = {isa = PBXBuildFile; productRef = 4DAC743C284734E600F17A3C /* ArgumentParser */; };
		4DAC743F284734EF00F17A3C /* Image.swift in Sources */ = {isa = PBXBuildFile; fileRef = 4D43A0A827F057E90004F08F /* Image.swift */; };
		4DAC7440284734EF00F17A3C /* AlfredUtils.swift in Sources */ = {isa = PBXBuildFile; fileRef = 4DFFEBA927F71998000B2C9C /* AlfredUtils.swift */; };
		4DAC7441284734EF00F17A3C /* Alfred.swift in Sources */ = {isa = PBXBuildFile; fileRef = 4DFFEBB227F84C4E000B2C9C /* Alfred.swift */; };
		4DAC7442284734EF00F17A3C /* AlfredItem.swift in Sources */ = {isa = PBXBuildFile; fileRef = 4DFFEBA827F71998000B2C9C /* AlfredItem.swift */; };
		4DAC7443284734F400F17A3C /* QRCode.swift in Sources */ = {isa = PBXBuildFile; fileRef = 4D43A0FB27F2ED420004F08F /* QRCode.swift */; };
		4DC2670628E463D300007CDE /* main.swift in Sources */ = {isa = PBXBuildFile; fileRef = 4DC2670528E463D300007CDE /* main.swift */; };
		4DC2670B28E463F100007CDE /* ArgumentParser in Frameworks */ = {isa = PBXBuildFile; productRef = 4DC2670A28E463F100007CDE /* ArgumentParser */; };
		4DC2670C28E464AB00007CDE /* Alfred.swift in Sources */ = {isa = PBXBuildFile; fileRef = 4DFFEBB227F84C4E000B2C9C /* Alfred.swift */; };
		4DC2670D28E464B000007CDE /* String.swift in Sources */ = {isa = PBXBuildFile; fileRef = 4D43A0AF27F097B70004F08F /* String.swift */; };
		4DC2670E28E464B300007CDE /* AlfredItem.swift in Sources */ = {isa = PBXBuildFile; fileRef = 4DFFEBA827F71998000B2C9C /* AlfredItem.swift */; };
		4DC2670F28E464C700007CDE /* AlfredUtils.swift in Sources */ = {isa = PBXBuildFile; fileRef = 4DFFEBA927F71998000B2C9C /* AlfredUtils.swift */; };
		4DF25C9928C1A09E00D47C8C /* main.swift in Sources */ = {isa = PBXBuildFile; fileRef = 4DF25C9828C1A09E00D47C8C /* main.swift */; };
		4DF25C9E28C1A0E000D47C8C /* ArgumentParser in Frameworks */ = {isa = PBXBuildFile; productRef = 4DF25C9D28C1A0E000D47C8C /* ArgumentParser */; };
		4DF25C9F28C1A10000D47C8C /* AlfredItem.swift in Sources */ = {isa = PBXBuildFile; fileRef = 4DFFEBA827F71998000B2C9C /* AlfredItem.swift */; };
		4DF25CA028C1A10000D47C8C /* Regex.swift in Sources */ = {isa = PBXBuildFile; fileRef = 4D98AA4B28B7559600CF256E /* Regex.swift */; };
		4DF25CA128C1A10000D47C8C /* Alfred.swift in Sources */ = {isa = PBXBuildFile; fileRef = 4DFFEBB227F84C4E000B2C9C /* Alfred.swift */; };
		4DF25CA228C1A10400D47C8C /* AlfredUtils.swift in Sources */ = {isa = PBXBuildFile; fileRef = 4DFFEBA927F71998000B2C9C /* AlfredUtils.swift */; };
		4DF25CA328C1A10700D47C8C /* String.swift in Sources */ = {isa = PBXBuildFile; fileRef = 4D43A0AF27F097B70004F08F /* String.swift */; };
		4DF25CA528C1A23E00D47C8C /* SecurityExam.swift in Sources */ = {isa = PBXBuildFile; fileRef = 4DF25CA428C1A23E00D47C8C /* SecurityExam.swift */; };
		4DF25CB128C1F42D00D47C8C /* Plist.swift in Sources */ = {isa = PBXBuildFile; fileRef = 4DFFEBA727F71998000B2C9C /* Plist.swift */; };
/* End PBXBuildFile section */

/* Begin PBXCopyFilesBuildPhase section */
		4D7044E32890E1D5004C4BFB /* CopyFiles */ = {
			isa = PBXCopyFilesBuildPhase;
			buildActionMask = 2147483647;
			dstPath = /usr/share/man/man1/;
			dstSubfolderSpec = 0;
			files = (
			);
			runOnlyForDeploymentPostprocessing = 1;
		};
		4D7060CA2887FA790029A04B /* CopyFiles */ = {
			isa = PBXCopyFilesBuildPhase;
			buildActionMask = 2147483647;
			dstPath = /usr/share/man/man1/;
			dstSubfolderSpec = 0;
			files = (
			);
			runOnlyForDeploymentPostprocessing = 1;
		};
		4D98AA4228B7556D00CF256E /* CopyFiles */ = {
			isa = PBXCopyFilesBuildPhase;
			buildActionMask = 2147483647;
			dstPath = /usr/share/man/man1/;
			dstSubfolderSpec = 0;
			files = (
			);
			runOnlyForDeploymentPostprocessing = 1;
		};
		4DAC73DE284713DA00F17A3C /* CopyFiles */ = {
			isa = PBXCopyFilesBuildPhase;
			buildActionMask = 2147483647;
			dstPath = /usr/share/man/man1/;
			dstSubfolderSpec = 0;
			files = (
			);
			runOnlyForDeploymentPostprocessing = 1;
		};
		4DAC73F22847195400F17A3C /* CopyFiles */ = {
			isa = PBXCopyFilesBuildPhase;
			buildActionMask = 2147483647;
			dstPath = /usr/share/man/man1/;
			dstSubfolderSpec = 0;
			files = (
			);
			runOnlyForDeploymentPostprocessing = 1;
		};
		4DAC740728471AC400F17A3C /* CopyFiles */ = {
			isa = PBXCopyFilesBuildPhase;
			buildActionMask = 2147483647;
			dstPath = /usr/share/man/man1/;
			dstSubfolderSpec = 0;
			files = (
			);
			runOnlyForDeploymentPostprocessing = 1;
		};
		4DAC741F28471EE800F17A3C /* CopyFiles */ = {
			isa = PBXCopyFilesBuildPhase;
			buildActionMask = 2147483647;
			dstPath = /usr/share/man/man1/;
			dstSubfolderSpec = 0;
			files = (
			);
			runOnlyForDeploymentPostprocessing = 1;
		};
		4DAC7433284734A500F17A3C /* CopyFiles */ = {
			isa = PBXCopyFilesBuildPhase;
			buildActionMask = 2147483647;
			dstPath = /usr/share/man/man1/;
			dstSubfolderSpec = 0;
			files = (
			);
			runOnlyForDeploymentPostprocessing = 1;
		};
		4DC2670128E463D200007CDE /* CopyFiles */ = {
			isa = PBXCopyFilesBuildPhase;
			buildActionMask = 2147483647;
			dstPath = /usr/share/man/man1/;
			dstSubfolderSpec = 0;
			files = (
			);
			runOnlyForDeploymentPostprocessing = 1;
		};
		4DF25C9428C1A09E00D47C8C /* CopyFiles */ = {
			isa = PBXCopyFilesBuildPhase;
			buildActionMask = 2147483647;
			dstPath = /usr/share/man/man1/;
			dstSubfolderSpec = 0;
			files = (
			);
			runOnlyForDeploymentPostprocessing = 1;
		};
/* End PBXCopyFilesBuildPhase section */

/* Begin PBXFileReference section */
		4D43A0A527F054AA0004F08F /* ColorTool.swift */ = {isa = PBXFileReference; lastKnownFileType = sourcecode.swift; path = ColorTool.swift; sourceTree = "<group>"; };
		4D43A0A827F057E90004F08F /* Image.swift */ = {isa = PBXFileReference; fileEncoding = 4; lastKnownFileType = sourcecode.swift; path = Image.swift; sourceTree = "<group>"; };
		4D43A0A927F057EA0004F08F /* Color.swift */ = {isa = PBXFileReference; fileEncoding = 4; lastKnownFileType = sourcecode.swift; path = Color.swift; sourceTree = "<group>"; };
		4D43A0AF27F097B70004F08F /* String.swift */ = {isa = PBXFileReference; lastKnownFileType = sourcecode.swift; path = String.swift; sourceTree = "<group>"; };
		4D43A0F327F2DEEF0004F08F /* Timestamp.swift */ = {isa = PBXFileReference; lastKnownFileType = sourcecode.swift; path = Timestamp.swift; sourceTree = "<group>"; };
		4D43A0FB27F2ED420004F08F /* QRCode.swift */ = {isa = PBXFileReference; lastKnownFileType = sourcecode.swift; path = QRCode.swift; sourceTree = "<group>"; };
		4D43A11927F404340004F08F /* DecodeEncodeTool.swift */ = {isa = PBXFileReference; lastKnownFileType = sourcecode.swift; path = DecodeEncodeTool.swift; sourceTree = "<group>"; };
		4D43A13227F4273F0004F08F /* Date.swift */ = {isa = PBXFileReference; lastKnownFileType = sourcecode.swift; path = Date.swift; sourceTree = "<group>"; };
		4D7044E52890E1D5004C4BFB /* SearchOpen */ = {isa = PBXFileReference; explicitFileType = "compiled.mach-o.executable"; includeInIndex = 0; path = SearchOpen; sourceTree = BUILT_PRODUCTS_DIR; };
		4D7044E72890E1D5004C4BFB /* main.swift */ = {isa = PBXFileReference; lastKnownFileType = sourcecode.swift; path = main.swift; sourceTree = "<group>"; };
		4D7044EE2890E23A004C4BFB /* SearchOpen.swift */ = {isa = PBXFileReference; lastKnownFileType = sourcecode.swift; path = SearchOpen.swift; sourceTree = "<group>"; };
		4D7060CC2887FA790029A04B /* WeeklyData */ = {isa = PBXFileReference; explicitFileType = "compiled.mach-o.executable"; includeInIndex = 0; path = WeeklyData; sourceTree = BUILT_PRODUCTS_DIR; };
		4D7060CE2887FA790029A04B /* main.swift */ = {isa = PBXFileReference; lastKnownFileType = sourcecode.swift; path = main.swift; sourceTree = "<group>"; };
		4D7060D62888008F0029A04B /* WeeklyDataManager.swift */ = {isa = PBXFileReference; lastKnownFileType = sourcecode.swift; path = WeeklyDataManager.swift; sourceTree = "<group>"; };
		4D8107E9280E9C9600F66817 /* CryptoKit.framework */ = {isa = PBXFileReference; lastKnownFileType = wrapper.framework; name = CryptoKit.framework; path = System/Library/Frameworks/CryptoKit.framework; sourceTree = SDKROOT; };
		4D8107EB280E9CC500F66817 /* FlatAESCrypto.swift */ = {isa = PBXFileReference; fileEncoding = 4; lastKnownFileType = sourcecode.swift; path = FlatAESCrypto.swift; sourceTree = "<group>"; };
		4D8107F1280FD4DE00F66817 /* CurlParser.swift */ = {isa = PBXFileReference; fileEncoding = 4; lastKnownFileType = sourcecode.swift; path = CurlParser.swift; sourceTree = "<group>"; };
		4D98A9D228B474E100CF256E /* AES.swift */ = {isa = PBXFileReference; fileEncoding = 4; lastKnownFileType = sourcecode.swift; path = AES.swift; sourceTree = "<group>"; };
		4D98A9D328B474E100CF256E /* StreamDecryptor.swift */ = {isa = PBXFileReference; fileEncoding = 4; lastKnownFileType = sourcecode.swift; path = StreamDecryptor.swift; sourceTree = "<group>"; };
		4D98A9D428B474E100CF256E /* BlockEncryptor.swift */ = {isa = PBXFileReference; fileEncoding = 4; lastKnownFileType = sourcecode.swift; path = BlockEncryptor.swift; sourceTree = "<group>"; };
		4D98A9D528B474E100CF256E /* UInt64+Extension.swift */ = {isa = PBXFileReference; fileEncoding = 4; lastKnownFileType = sourcecode.swift; path = "UInt64+Extension.swift"; sourceTree = "<group>"; };
		4D98A9D628B474E100CF256E /* Cryptors.swift */ = {isa = PBXFileReference; fileEncoding = 4; lastKnownFileType = sourcecode.swift; path = Cryptors.swift; sourceTree = "<group>"; };
		4D98A9D728B474E100CF256E /* ISO10126Padding.swift */ = {isa = PBXFileReference; fileEncoding = 4; lastKnownFileType = sourcecode.swift; path = ISO10126Padding.swift; sourceTree = "<group>"; };
		4D98A9D828B474E100CF256E /* Cipher.swift */ = {isa = PBXFileReference; fileEncoding = 4; lastKnownFileType = sourcecode.swift; path = Cipher.swift; sourceTree = "<group>"; };
		4D98A9D928B474E100CF256E /* Int+Extension.swift */ = {isa = PBXFileReference; fileEncoding = 4; lastKnownFileType = sourcecode.swift; path = "Int+Extension.swift"; sourceTree = "<group>"; };
		4D98A9DA28B474E100CF256E /* AES.Cryptors.swift */ = {isa = PBXFileReference; fileEncoding = 4; lastKnownFileType = sourcecode.swift; path = AES.Cryptors.swift; sourceTree = "<group>"; };
		4D98A9DB28B474E100CF256E /* Bit.swift */ = {isa = PBXFileReference; fileEncoding = 4; lastKnownFileType = sourcecode.swift; path = Bit.swift; sourceTree = "<group>"; };
		4D98A9DC28B474E100CF256E /* UInt32+Extension.swift */ = {isa = PBXFileReference; fileEncoding = 4; lastKnownFileType = sourcecode.swift; path = "UInt32+Extension.swift"; sourceTree = "<group>"; };
		4D98A9DD28B474E100CF256E /* NoPadding.swift */ = {isa = PBXFileReference; fileEncoding = 4; lastKnownFileType = sourcecode.swift; path = NoPadding.swift; sourceTree = "<group>"; };
		4D98A9DF28B474E100CF256E /* Data+Extension.swift */ = {isa = PBXFileReference; fileEncoding = 4; lastKnownFileType = sourcecode.swift; path = "Data+Extension.swift"; sourceTree = "<group>"; };
		4D98A9E028B474E100CF256E /* Array+Foundation.swift */ = {isa = PBXFileReference; fileEncoding = 4; lastKnownFileType = sourcecode.swift; path = "Array+Foundation.swift"; sourceTree = "<group>"; };
		4D98A9E128B474E100CF256E /* AES+Foundation.swift */ = {isa = PBXFileReference; fileEncoding = 4; lastKnownFileType = sourcecode.swift; path = "AES+Foundation.swift"; sourceTree = "<group>"; };
		4D98A9E228B474E100CF256E /* Cryptor.swift */ = {isa = PBXFileReference; fileEncoding = 4; lastKnownFileType = sourcecode.swift; path = Cryptor.swift; sourceTree = "<group>"; };
		4D98A9E328B474E100CF256E /* BatchedCollection.swift */ = {isa = PBXFileReference; fileEncoding = 4; lastKnownFileType = sourcecode.swift; path = BatchedCollection.swift; sourceTree = "<group>"; };
		4D98A9E428B474E100CF256E /* ISO78164Padding.swift */ = {isa = PBXFileReference; fileEncoding = 4; lastKnownFileType = sourcecode.swift; path = ISO78164Padding.swift; sourceTree = "<group>"; };
		4D98A9E528B474E100CF256E /* SecureBytes.swift */ = {isa = PBXFileReference; fileEncoding = 4; lastKnownFileType = sourcecode.swift; path = SecureBytes.swift; sourceTree = "<group>"; };
		4D98A9E628B474E100CF256E /* ZeroPadding.swift */ = {isa = PBXFileReference; fileEncoding = 4; lastKnownFileType = sourcecode.swift; path = ZeroPadding.swift; sourceTree = "<group>"; };
		4D98A9E728B474E100CF256E /* String+Extension.swift */ = {isa = PBXFileReference; fileEncoding = 4; lastKnownFileType = sourcecode.swift; path = "String+Extension.swift"; sourceTree = "<group>"; };
		4D98A9E828B474E100CF256E /* Authenticator.swift */ = {isa = PBXFileReference; fileEncoding = 4; lastKnownFileType = sourcecode.swift; path = Authenticator.swift; sourceTree = "<group>"; };
		4D98A9E928B474E100CF256E /* BlockCipher.swift */ = {isa = PBXFileReference; fileEncoding = 4; lastKnownFileType = sourcecode.swift; path = BlockCipher.swift; sourceTree = "<group>"; };
		4D98A9EA28B474E100CF256E /* Updatable.swift */ = {isa = PBXFileReference; fileEncoding = 4; lastKnownFileType = sourcecode.swift; path = Updatable.swift; sourceTree = "<group>"; };
		4D98A9EB28B474E100CF256E /* BlockDecryptor.swift */ = {isa = PBXFileReference; fileEncoding = 4; lastKnownFileType = sourcecode.swift; path = BlockDecryptor.swift; sourceTree = "<group>"; };
		4D98A9EC28B474E100CF256E /* StreamEncryptor.swift */ = {isa = PBXFileReference; fileEncoding = 4; lastKnownFileType = sourcecode.swift; path = StreamEncryptor.swift; sourceTree = "<group>"; };
		4D98A9ED28B474E100CF256E /* Utils.swift */ = {isa = PBXFileReference; fileEncoding = 4; lastKnownFileType = sourcecode.swift; path = Utils.swift; sourceTree = "<group>"; };
		4D98A9EE28B474E100CF256E /* Generics.swift */ = {isa = PBXFileReference; fileEncoding = 4; lastKnownFileType = sourcecode.swift; path = Generics.swift; sourceTree = "<group>"; };
		4D98A9EF28B474E100CF256E /* Padding.swift */ = {isa = PBXFileReference; fileEncoding = 4; lastKnownFileType = sourcecode.swift; path = Padding.swift; sourceTree = "<group>"; };
		4D98A9F128B474E100CF256E /* PKCS7Padding.swift */ = {isa = PBXFileReference; fileEncoding = 4; lastKnownFileType = sourcecode.swift; path = PKCS7Padding.swift; sourceTree = "<group>"; };
		4D98A9F228B474E100CF256E /* PKCS5.swift */ = {isa = PBXFileReference; fileEncoding = 4; lastKnownFileType = sourcecode.swift; path = PKCS5.swift; sourceTree = "<group>"; };
		4D98A9F328B474E100CF256E /* PKCS7.swift */ = {isa = PBXFileReference; fileEncoding = 4; lastKnownFileType = sourcecode.swift; path = PKCS7.swift; sourceTree = "<group>"; };
		4D98A9F528B474E100CF256E /* BlockModeOptions.swift */ = {isa = PBXFileReference; fileEncoding = 4; lastKnownFileType = sourcecode.swift; path = BlockModeOptions.swift; sourceTree = "<group>"; };
		4D98A9F628B474E100CF256E /* CFB.swift */ = {isa = PBXFileReference; fileEncoding = 4; lastKnownFileType = sourcecode.swift; path = CFB.swift; sourceTree = "<group>"; };
		4D98A9F728B474E100CF256E /* CBC.swift */ = {isa = PBXFileReference; fileEncoding = 4; lastKnownFileType = sourcecode.swift; path = CBC.swift; sourceTree = "<group>"; };
		4D98A9F828B474E100CF256E /* ECB.swift */ = {isa = PBXFileReference; fileEncoding = 4; lastKnownFileType = sourcecode.swift; path = ECB.swift; sourceTree = "<group>"; };
		4D98A9F928B474E100CF256E /* BlockMode.swift */ = {isa = PBXFileReference; fileEncoding = 4; lastKnownFileType = sourcecode.swift; path = BlockMode.swift; sourceTree = "<group>"; };
		4D98A9FA28B474E100CF256E /* CipherModeWorker.swift */ = {isa = PBXFileReference; fileEncoding = 4; lastKnownFileType = sourcecode.swift; path = CipherModeWorker.swift; sourceTree = "<group>"; };
		4D98A9FB28B474E100CF256E /* CTR.swift */ = {isa = PBXFileReference; fileEncoding = 4; lastKnownFileType = sourcecode.swift; path = CTR.swift; sourceTree = "<group>"; };
		4D98A9FC28B474E100CF256E /* OFB.swift */ = {isa = PBXFileReference; fileEncoding = 4; lastKnownFileType = sourcecode.swift; path = OFB.swift; sourceTree = "<group>"; };
		4D98A9FD28B474E100CF256E /* Array+Extension.swift */ = {isa = PBXFileReference; fileEncoding = 4; lastKnownFileType = sourcecode.swift; path = "Array+Extension.swift"; sourceTree = "<group>"; };
		4D98AA2728B476F400CF256E /* Alfred+Script.swift */ = {isa = PBXFileReference; lastKnownFileType = sourcecode.swift; path = "Alfred+Script.swift"; sourceTree = "<group>"; };
		4D98AA4428B7556D00CF256E /* DistinctProvisionProfile */ = {isa = PBXFileReference; explicitFileType = "compiled.mach-o.executable"; includeInIndex = 0; path = DistinctProvisionProfile; sourceTree = BUILT_PRODUCTS_DIR; };
		4D98AA4628B7556D00CF256E /* main.swift */ = {isa = PBXFileReference; lastKnownFileType = sourcecode.swift; path = main.swift; sourceTree = "<group>"; };
		4D98AA4B28B7559600CF256E /* Regex.swift */ = {isa = PBXFileReference; fileEncoding = 4; lastKnownFileType = sourcecode.swift; path = Regex.swift; sourceTree = "<group>"; };
		4D98AA4C28B7559600CF256E /* NSTask-execute.swift */ = {isa = PBXFileReference; fileEncoding = 4; lastKnownFileType = sourcecode.swift; path = "NSTask-execute.swift"; sourceTree = "<group>"; };
		4D98AA5328B7560600CF256E /* DistinctProvisionProfile.swift */ = {isa = PBXFileReference; lastKnownFileType = sourcecode.swift; path = DistinctProvisionProfile.swift; sourceTree = "<group>"; };
		4DAC73E0284713DA00F17A3C /* FlatAESCrypto */ = {isa = PBXFileReference; explicitFileType = "compiled.mach-o.executable"; includeInIndex = 0; path = FlatAESCrypto; sourceTree = BUILT_PRODUCTS_DIR; };
		4DAC73E2284713DA00F17A3C /* main.swift */ = {isa = PBXFileReference; lastKnownFileType = sourcecode.swift; path = main.swift; sourceTree = "<group>"; };
		4DAC73F42847195400F17A3C /* CodeTool */ = {isa = PBXFileReference; explicitFileType = "compiled.mach-o.executable"; includeInIndex = 0; path = CodeTool; sourceTree = BUILT_PRODUCTS_DIR; };
		4DAC73F62847195400F17A3C /* main.swift */ = {isa = PBXFileReference; lastKnownFileType = sourcecode.swift; path = main.swift; sourceTree = "<group>"; };
		4DAC740928471AC400F17A3C /* ColorTool */ = {isa = PBXFileReference; explicitFileType = "compiled.mach-o.executable"; includeInIndex = 0; path = ColorTool; sourceTree = BUILT_PRODUCTS_DIR; };
		4DAC740B28471AC400F17A3C /* main.swift */ = {isa = PBXFileReference; lastKnownFileType = sourcecode.swift; path = main.swift; sourceTree = "<group>"; };
		4DAC742128471EE800F17A3C /* Timestamp */ = {isa = PBXFileReference; explicitFileType = "compiled.mach-o.executable"; includeInIndex = 0; path = Timestamp; sourceTree = BUILT_PRODUCTS_DIR; };
		4DAC742328471EE800F17A3C /* main.swift */ = {isa = PBXFileReference; lastKnownFileType = sourcecode.swift; path = main.swift; sourceTree = "<group>"; };
		4DAC7435284734A500F17A3C /* QRCode */ = {isa = PBXFileReference; explicitFileType = "compiled.mach-o.executable"; includeInIndex = 0; path = QRCode; sourceTree = BUILT_PRODUCTS_DIR; };
		4DAC7437284734A500F17A3C /* main.swift */ = {isa = PBXFileReference; lastKnownFileType = sourcecode.swift; path = main.swift; sourceTree = "<group>"; };
		4DC2670328E463D200007CDE /* DeleteDerivedData */ = {isa = PBXFileReference; explicitFileType = "compiled.mach-o.executable"; includeInIndex = 0; path = DeleteDerivedData; sourceTree = BUILT_PRODUCTS_DIR; };
		4DC2670528E463D300007CDE /* main.swift */ = {isa = PBXFileReference; lastKnownFileType = sourcecode.swift; path = main.swift; sourceTree = "<group>"; };
		4DF25C9628C1A09E00D47C8C /* SecurityExam */ = {isa = PBXFileReference; explicitFileType = "compiled.mach-o.executable"; includeInIndex = 0; path = SecurityExam; sourceTree = BUILT_PRODUCTS_DIR; };
		4DF25C9828C1A09E00D47C8C /* main.swift */ = {isa = PBXFileReference; lastKnownFileType = sourcecode.swift; path = main.swift; sourceTree = "<group>"; };
		4DF25CA428C1A23E00D47C8C /* SecurityExam.swift */ = {isa = PBXFileReference; lastKnownFileType = sourcecode.swift; path = SecurityExam.swift; sourceTree = "<group>"; };
		4DFFEBA727F71998000B2C9C /* Plist.swift */ = {isa = PBXFileReference; fileEncoding = 4; lastKnownFileType = sourcecode.swift; path = Plist.swift; sourceTree = "<group>"; };
		4DFFEBA827F71998000B2C9C /* AlfredItem.swift */ = {isa = PBXFileReference; fileEncoding = 4; lastKnownFileType = sourcecode.swift; path = AlfredItem.swift; sourceTree = "<group>"; };
		4DFFEBA927F71998000B2C9C /* AlfredUtils.swift */ = {isa = PBXFileReference; fileEncoding = 4; lastKnownFileType = sourcecode.swift; path = AlfredUtils.swift; sourceTree = "<group>"; };
		4DFFEBB227F84C4E000B2C9C /* Alfred.swift */ = {isa = PBXFileReference; fileEncoding = 4; lastKnownFileType = sourcecode.swift; path = Alfred.swift; sourceTree = "<group>"; };
/* End PBXFileReference section */

/* Begin PBXFrameworksBuildPhase section */
		4D7044E22890E1D5004C4BFB /* Frameworks */ = {
			isa = PBXFrameworksBuildPhase;
			buildActionMask = 2147483647;
			files = (
				4D7044ED2890E1E5004C4BFB /* ArgumentParser in Frameworks */,
			);
			runOnlyForDeploymentPostprocessing = 0;
		};
		4D7060C92887FA790029A04B /* Frameworks */ = {
			isa = PBXFrameworksBuildPhase;
			buildActionMask = 2147483647;
			files = (
				4D7060D42887FAB90029A04B /* ArgumentParser in Frameworks */,
			);
			runOnlyForDeploymentPostprocessing = 0;
		};
		4D98AA4128B7556D00CF256E /* Frameworks */ = {
			isa = PBXFrameworksBuildPhase;
			buildActionMask = 2147483647;
			files = (
				4D98AA5628B756AB00CF256E /* ArgumentParser in Frameworks */,
			);
			runOnlyForDeploymentPostprocessing = 0;
		};
		4DAC73DD284713DA00F17A3C /* Frameworks */ = {
			isa = PBXFrameworksBuildPhase;
			buildActionMask = 2147483647;
			files = (
				4DAC73E92847147300F17A3C /* ArgumentParser in Frameworks */,
			);
			runOnlyForDeploymentPostprocessing = 0;
		};
		4DAC73F12847195400F17A3C /* Frameworks */ = {
			isa = PBXFrameworksBuildPhase;
			buildActionMask = 2147483647;
			files = (
				4DAC7404284719FF00F17A3C /* ArgumentParser in Frameworks */,
			);
			runOnlyForDeploymentPostprocessing = 0;
		};
		4DAC740628471AC400F17A3C /* Frameworks */ = {
			isa = PBXFrameworksBuildPhase;
			buildActionMask = 2147483647;
			files = (
				4DAC741628471ADF00F17A3C /* ArgumentParser in Frameworks */,
			);
			runOnlyForDeploymentPostprocessing = 0;
		};
		4DAC741E28471EE800F17A3C /* Frameworks */ = {
			isa = PBXFrameworksBuildPhase;
			buildActionMask = 2147483647;
			files = (
				4DAC74302847208100F17A3C /* ArgumentParser in Frameworks */,
			);
			runOnlyForDeploymentPostprocessing = 0;
		};
		4DAC7432284734A500F17A3C /* Frameworks */ = {
			isa = PBXFrameworksBuildPhase;
			buildActionMask = 2147483647;
			files = (
				4DAC743D284734E600F17A3C /* ArgumentParser in Frameworks */,
			);
			runOnlyForDeploymentPostprocessing = 0;
		};
		4DC2670028E463D200007CDE /* Frameworks */ = {
			isa = PBXFrameworksBuildPhase;
			buildActionMask = 2147483647;
			files = (
				4DC2670B28E463F100007CDE /* ArgumentParser in Frameworks */,
			);
			runOnlyForDeploymentPostprocessing = 0;
		};
		4DF25C9328C1A09E00D47C8C /* Frameworks */ = {
			isa = PBXFrameworksBuildPhase;
			buildActionMask = 2147483647;
			files = (
				4DF25C9E28C1A0E000D47C8C /* ArgumentParser in Frameworks */,
			);
			runOnlyForDeploymentPostprocessing = 0;
		};
/* End PBXFrameworksBuildPhase section */

/* Begin PBXGroup section */
		4D43A05227F04D5B0004F08F = {
			isa = PBXGroup;
			children = (
				4D43A12627F424110004F08F /* AlfredTool */,
				4D43A05C27F04D5B0004F08F /* Products */,
				4D43A09B27F052A10004F08F /* Frameworks */,
			);
			sourceTree = "<group>";
		};
		4D43A05C27F04D5B0004F08F /* Products */ = {
			isa = PBXGroup;
			children = (
				4DAC73E0284713DA00F17A3C /* FlatAESCrypto */,
				4DAC73F42847195400F17A3C /* CodeTool */,
				4DAC740928471AC400F17A3C /* ColorTool */,
				4DAC742128471EE800F17A3C /* Timestamp */,
				4DAC7435284734A500F17A3C /* QRCode */,
				4D7060CC2887FA790029A04B /* WeeklyData */,
				4D7044E52890E1D5004C4BFB /* SearchOpen */,
				4D98AA4428B7556D00CF256E /* DistinctProvisionProfile */,
				4DF25C9628C1A09E00D47C8C /* SecurityExam */,
				4DC2670328E463D200007CDE /* DeleteDerivedData */,
			);
			name = Products;
			sourceTree = "<group>";
		};
		4D43A09B27F052A10004F08F /* Frameworks */ = {
			isa = PBXGroup;
			children = (
				4D8107E9280E9C9600F66817 /* CryptoKit.framework */,
			);
			name = Frameworks;
			sourceTree = "<group>";
		};
		4D43A12627F424110004F08F /* AlfredTool */ = {
			isa = PBXGroup;
			children = (
				4D70455E2897847E004C4BFB /* Module */,
				4D70455D28978431004C4BFB /* Util */,
			);
			path = AlfredTool;
			sourceTree = "<group>";
		};
		4D7044E62890E1D5004C4BFB /* SearchOpen */ = {
			isa = PBXGroup;
			children = (
				4D7044E72890E1D5004C4BFB /* main.swift */,
				4D7044EE2890E23A004C4BFB /* SearchOpen.swift */,
			);
			path = SearchOpen;
			sourceTree = "<group>";
		};
		4D70455D28978431004C4BFB /* Util */ = {
			isa = PBXGroup;
			children = (
				4DFFEBB227F84C4E000B2C9C /* Alfred.swift */,
				4DFFEBA827F71998000B2C9C /* AlfredItem.swift */,
				4DFFEBA927F71998000B2C9C /* AlfredUtils.swift */,
				4D43A0AF27F097B70004F08F /* String.swift */,
				4D98AA4C28B7559600CF256E /* NSTask-execute.swift */,
				4D98AA4B28B7559600CF256E /* Regex.swift */,
				4D43A0A827F057E90004F08F /* Image.swift */,
				4D98AA2728B476F400CF256E /* Alfred+Script.swift */,
				4DFFEBA727F71998000B2C9C /* Plist.swift */,
				4D43A13227F4273F0004F08F /* Date.swift */,
			);
			path = Util;
			sourceTree = "<group>";
		};
		4D70455E2897847E004C4BFB /* Module */ = {
			isa = PBXGroup;
			children = (
				4DAC73E1284713DA00F17A3C /* FlatAESCrypto */,
				4DAC73F52847195400F17A3C /* CodeTool */,
				4DAC740A28471AC400F17A3C /* ColorTool */,
				4DAC742228471EE800F17A3C /* Timestamp */,
				4DAC7436284734A500F17A3C /* QRCode */,
				4D7060CD2887FA790029A04B /* WeeklyData */,
				4D7044E62890E1D5004C4BFB /* SearchOpen */,
				4D98AA4528B7556D00CF256E /* DistinctProvisionProfile */,
				4DF25C9728C1A09E00D47C8C /* SecurityExam */,
				4DC2670428E463D300007CDE /* DeleteDerivedData */,
			);
			path = Module;
			sourceTree = "<group>";
		};
		4D7060CD2887FA790029A04B /* WeeklyData */ = {
			isa = PBXGroup;
			children = (
				4D7060CE2887FA790029A04B /* main.swift */,
				4D7060D62888008F0029A04B /* WeeklyDataManager.swift */,
			);
			path = WeeklyData;
			sourceTree = "<group>";
		};
		4D98A9D128B474E100CF256E /* CryptoSwift */ = {
			isa = PBXGroup;
			children = (
				4D98A9D228B474E100CF256E /* AES.swift */,
				4D98A9D328B474E100CF256E /* StreamDecryptor.swift */,
				4D98A9D428B474E100CF256E /* BlockEncryptor.swift */,
				4D98A9D528B474E100CF256E /* UInt64+Extension.swift */,
				4D98A9D628B474E100CF256E /* Cryptors.swift */,
				4D98A9D728B474E100CF256E /* ISO10126Padding.swift */,
				4D98A9D828B474E100CF256E /* Cipher.swift */,
				4D98A9D928B474E100CF256E /* Int+Extension.swift */,
				4D98A9DA28B474E100CF256E /* AES.Cryptors.swift */,
				4D98A9DB28B474E100CF256E /* Bit.swift */,
				4D98A9DC28B474E100CF256E /* UInt32+Extension.swift */,
				4D98A9DD28B474E100CF256E /* NoPadding.swift */,
				4D98A9DE28B474E100CF256E /* Foundation */,
				4D98A9E228B474E100CF256E /* Cryptor.swift */,
				4D98A9E328B474E100CF256E /* BatchedCollection.swift */,
				4D98A9E428B474E100CF256E /* ISO78164Padding.swift */,
				4D98A9E528B474E100CF256E /* SecureBytes.swift */,
				4D98A9E628B474E100CF256E /* ZeroPadding.swift */,
				4D98A9E728B474E100CF256E /* String+Extension.swift */,
				4D98A9E828B474E100CF256E /* Authenticator.swift */,
				4D98A9E928B474E100CF256E /* BlockCipher.swift */,
				4D98A9EA28B474E100CF256E /* Updatable.swift */,
				4D98A9EB28B474E100CF256E /* BlockDecryptor.swift */,
				4D98A9EC28B474E100CF256E /* StreamEncryptor.swift */,
				4D98A9ED28B474E100CF256E /* Utils.swift */,
				4D98A9EE28B474E100CF256E /* Generics.swift */,
				4D98A9EF28B474E100CF256E /* Padding.swift */,
				4D98A9F028B474E100CF256E /* PKCS */,
				4D98A9F428B474E100CF256E /* BlockMode */,
				4D98A9FD28B474E100CF256E /* Array+Extension.swift */,
			);
			path = CryptoSwift;
			sourceTree = "<group>";
		};
		4D98A9DE28B474E100CF256E /* Foundation */ = {
			isa = PBXGroup;
			children = (
				4D98A9DF28B474E100CF256E /* Data+Extension.swift */,
				4D98A9E028B474E100CF256E /* Array+Foundation.swift */,
				4D98A9E128B474E100CF256E /* AES+Foundation.swift */,
			);
			path = Foundation;
			sourceTree = "<group>";
		};
		4D98A9F028B474E100CF256E /* PKCS */ = {
			isa = PBXGroup;
			children = (
				4D98A9F128B474E100CF256E /* PKCS7Padding.swift */,
				4D98A9F228B474E100CF256E /* PKCS5.swift */,
				4D98A9F328B474E100CF256E /* PKCS7.swift */,
			);
			path = PKCS;
			sourceTree = "<group>";
		};
		4D98A9F428B474E100CF256E /* BlockMode */ = {
			isa = PBXGroup;
			children = (
				4D98A9F528B474E100CF256E /* BlockModeOptions.swift */,
				4D98A9F628B474E100CF256E /* CFB.swift */,
				4D98A9F728B474E100CF256E /* CBC.swift */,
				4D98A9F828B474E100CF256E /* ECB.swift */,
				4D98A9F928B474E100CF256E /* BlockMode.swift */,
				4D98A9FA28B474E100CF256E /* CipherModeWorker.swift */,
				4D98A9FB28B474E100CF256E /* CTR.swift */,
				4D98A9FC28B474E100CF256E /* OFB.swift */,
			);
			path = BlockMode;
			sourceTree = "<group>";
		};
		4D98AA4528B7556D00CF256E /* DistinctProvisionProfile */ = {
			isa = PBXGroup;
			children = (
				4D98AA4628B7556D00CF256E /* main.swift */,
				4D98AA5328B7560600CF256E /* DistinctProvisionProfile.swift */,
			);
			path = DistinctProvisionProfile;
			sourceTree = "<group>";
		};
		4DAC73E1284713DA00F17A3C /* FlatAESCrypto */ = {
			isa = PBXGroup;
			children = (
				4D98A9D128B474E100CF256E /* CryptoSwift */,
				4DAC73E2284713DA00F17A3C /* main.swift */,
				4D8107EB280E9CC500F66817 /* FlatAESCrypto.swift */,
				4D8107F1280FD4DE00F66817 /* CurlParser.swift */,
			);
			path = FlatAESCrypto;
			sourceTree = "<group>";
		};
		4DAC73F52847195400F17A3C /* CodeTool */ = {
			isa = PBXGroup;
			children = (
				4DAC73F62847195400F17A3C /* main.swift */,
				4D43A11927F404340004F08F /* DecodeEncodeTool.swift */,
			);
			path = CodeTool;
			sourceTree = "<group>";
		};
		4DAC740A28471AC400F17A3C /* ColorTool */ = {
			isa = PBXGroup;
			children = (
				4DAC740B28471AC400F17A3C /* main.swift */,
				4D43A0A527F054AA0004F08F /* ColorTool.swift */,
				4D43A0A927F057EA0004F08F /* Color.swift */,
			);
			path = ColorTool;
			sourceTree = "<group>";
		};
		4DAC742228471EE800F17A3C /* Timestamp */ = {
			isa = PBXGroup;
			children = (
				4DAC742328471EE800F17A3C /* main.swift */,
				4D43A0F327F2DEEF0004F08F /* Timestamp.swift */,
			);
			path = Timestamp;
			sourceTree = "<group>";
		};
		4DAC7436284734A500F17A3C /* QRCode */ = {
			isa = PBXGroup;
			children = (
				4DAC7437284734A500F17A3C /* main.swift */,
				4D43A0FB27F2ED420004F08F /* QRCode.swift */,
			);
			path = QRCode;
			sourceTree = "<group>";
		};
		4DC2670428E463D300007CDE /* DeleteDerivedData */ = {
			isa = PBXGroup;
			children = (
				4DC2670528E463D300007CDE /* main.swift */,
			);
			path = DeleteDerivedData;
			sourceTree = "<group>";
		};
		4DF25C9728C1A09E00D47C8C /* SecurityExam */ = {
			isa = PBXGroup;
			children = (
				4DF25C9828C1A09E00D47C8C /* main.swift */,
				4DF25CA428C1A23E00D47C8C /* SecurityExam.swift */,
			);
			path = SecurityExam;
			sourceTree = "<group>";
		};
/* End PBXGroup section */

/* Begin PBXNativeTarget section */
		4D7044E42890E1D5004C4BFB /* SearchOpen */ = {
			isa = PBXNativeTarget;
			buildConfigurationList = 4D7044EB2890E1D5004C4BFB /* Build configuration list for PBXNativeTarget "SearchOpen" */;
			buildPhases = (
				4D7044E12890E1D5004C4BFB /* Sources */,
				4D7044E22890E1D5004C4BFB /* Frameworks */,
				4D7044E32890E1D5004C4BFB /* CopyFiles */,
				4DF25CAE28C1F35D00D47C8C /* ShellScript */,
			);
			buildRules = (
			);
			dependencies = (
			);
			name = SearchOpen;
			packageProductDependencies = (
				4D7044EC2890E1E5004C4BFB /* ArgumentParser */,
			);
			productName = SearchOpen;
			productReference = 4D7044E52890E1D5004C4BFB /* SearchOpen */;
			productType = "com.apple.product-type.tool";
		};
		4D7060CB2887FA790029A04B /* WeeklyData */ = {
			isa = PBXNativeTarget;
			buildConfigurationList = 4D7060D22887FA790029A04B /* Build configuration list for PBXNativeTarget "WeeklyData" */;
			buildPhases = (
				4D7060C82887FA790029A04B /* Sources */,
				4D7060C92887FA790029A04B /* Frameworks */,
				4D7060CA2887FA790029A04B /* CopyFiles */,
				4DF25CB228C1F45400D47C8C /* ShellScript */,
			);
			buildRules = (
			);
			dependencies = (
			);
			name = WeeklyData;
			packageProductDependencies = (
				4D7060D32887FAB90029A04B /* ArgumentParser */,
			);
			productName = WeeklyData;
			productReference = 4D7060CC2887FA790029A04B /* WeeklyData */;
			productType = "com.apple.product-type.tool";
		};
		4D98AA4328B7556D00CF256E /* DistinctProvisionProfile */ = {
			isa = PBXNativeTarget;
			buildConfigurationList = 4D98AA4A28B7556D00CF256E /* Build configuration list for PBXNativeTarget "DistinctProvisionProfile" */;
			buildPhases = (
				4D98AA4028B7556D00CF256E /* Sources */,
				4D98AA4128B7556D00CF256E /* Frameworks */,
				4D98AA4228B7556D00CF256E /* CopyFiles */,
				4DF25CAD28C1F32200D47C8C /* ShellScript */,
			);
			buildRules = (
			);
			dependencies = (
			);
			name = DistinctProvisionProfile;
			packageProductDependencies = (
				4D98AA5528B756AB00CF256E /* ArgumentParser */,
			);
			productName = DistinctProvisionProfile;
			productReference = 4D98AA4428B7556D00CF256E /* DistinctProvisionProfile */;
			productType = "com.apple.product-type.tool";
		};
		4DAC73DF284713DA00F17A3C /* FlatAESCrypto */ = {
			isa = PBXNativeTarget;
			buildConfigurationList = 4DAC73E4284713DA00F17A3C /* Build configuration list for PBXNativeTarget "FlatAESCrypto" */;
			buildPhases = (
				4DAC73DC284713DA00F17A3C /* Sources */,
				4DAC73DD284713DA00F17A3C /* Frameworks */,
				4DAC73DE284713DA00F17A3C /* CopyFiles */,
				4DF25CB328C1F48C00D47C8C /* ShellScript */,
			);
			buildRules = (
			);
			dependencies = (
			);
			name = FlatAESCrypto;
			packageProductDependencies = (
				4DAC73E82847147300F17A3C /* ArgumentParser */,
			);
			productName = FlatAESCrypto;
			productReference = 4DAC73E0284713DA00F17A3C /* FlatAESCrypto */;
			productType = "com.apple.product-type.tool";
		};
		4DAC73F32847195400F17A3C /* CodeTool */ = {
			isa = PBXNativeTarget;
			buildConfigurationList = 4DAC73F82847195400F17A3C /* Build configuration list for PBXNativeTarget "CodeTool" */;
			buildPhases = (
				4DAC73F02847195400F17A3C /* Sources */,
				4DAC73F12847195400F17A3C /* Frameworks */,
				4DAC73F22847195400F17A3C /* CopyFiles */,
				4DF25CAF28C1F3A100D47C8C /* ShellScript */,
			);
			buildRules = (
			);
			dependencies = (
			);
			name = CodeTool;
			packageProductDependencies = (
				4DAC7403284719FF00F17A3C /* ArgumentParser */,
			);
			productName = CodeTool;
			productReference = 4DAC73F42847195400F17A3C /* CodeTool */;
			productType = "com.apple.product-type.tool";
		};
		4DAC740828471AC400F17A3C /* ColorTool */ = {
			isa = PBXNativeTarget;
			buildConfigurationList = 4DAC740D28471AC400F17A3C /* Build configuration list for PBXNativeTarget "ColorTool" */;
			buildPhases = (
				4DAC740528471AC400F17A3C /* Sources */,
				4DAC740628471AC400F17A3C /* Frameworks */,
				4DAC740728471AC400F17A3C /* CopyFiles */,
				4DF25CB028C1F3F600D47C8C /* ShellScript */,
			);
			buildRules = (
			);
			dependencies = (
			);
			name = ColorTool;
			packageProductDependencies = (
				4DAC741528471ADF00F17A3C /* ArgumentParser */,
			);
			productName = ColorTool;
			productReference = 4DAC740928471AC400F17A3C /* ColorTool */;
			productType = "com.apple.product-type.tool";
		};
		4DAC742028471EE800F17A3C /* Timestamp */ = {
			isa = PBXNativeTarget;
			buildConfigurationList = 4DAC742528471EE800F17A3C /* Build configuration list for PBXNativeTarget "Timestamp" */;
			buildPhases = (
				4DAC741D28471EE800F17A3C /* Sources */,
				4DAC741E28471EE800F17A3C /* Frameworks */,
				4DAC741F28471EE800F17A3C /* CopyFiles */,
				4DF25CB428C1F4CB00D47C8C /* ShellScript */,
			);
			buildRules = (
			);
			dependencies = (
			);
			name = Timestamp;
			packageProductDependencies = (
				4DAC742F2847208100F17A3C /* ArgumentParser */,
			);
			productName = Timestamp;
			productReference = 4DAC742128471EE800F17A3C /* Timestamp */;
			productType = "com.apple.product-type.tool";
		};
		4DAC7434284734A500F17A3C /* QRCode */ = {
			isa = PBXNativeTarget;
			buildConfigurationList = 4DAC7439284734A500F17A3C /* Build configuration list for PBXNativeTarget "QRCode" */;
			buildPhases = (
				4DAC7431284734A500F17A3C /* Sources */,
				4DAC7432284734A500F17A3C /* Frameworks */,
				4DAC7433284734A500F17A3C /* CopyFiles */,
				4DF25CB528C1F4FA00D47C8C /* ShellScript */,
			);
			buildRules = (
			);
			dependencies = (
			);
			name = QRCode;
			packageProductDependencies = (
				4DAC743C284734E600F17A3C /* ArgumentParser */,
			);
			productName = QRCode;
			productReference = 4DAC7435284734A500F17A3C /* QRCode */;
			productType = "com.apple.product-type.tool";
		};
		4DC2670228E463D200007CDE /* DeleteDerivedData */ = {
			isa = PBXNativeTarget;
			buildConfigurationList = 4DC2670928E463D300007CDE /* Build configuration list for PBXNativeTarget "DeleteDerivedData" */;
			buildPhases = (
				4DC266FF28E463D200007CDE /* Sources */,
				4DC2670028E463D200007CDE /* Frameworks */,
				4DC2670128E463D200007CDE /* CopyFiles */,
				4DC2671028E46ADC00007CDE /* ShellScript */,
			);
			buildRules = (
			);
			dependencies = (
			);
			name = DeleteDerivedData;
			packageProductDependencies = (
				4DC2670A28E463F100007CDE /* ArgumentParser */,
			);
			productName = DeleteDerivedData;
			productReference = 4DC2670328E463D200007CDE /* DeleteDerivedData */;
			productType = "com.apple.product-type.tool";
		};
		4DF25C9528C1A09E00D47C8C /* SecurityExam */ = {
			isa = PBXNativeTarget;
			buildConfigurationList = 4DF25C9C28C1A09E00D47C8C /* Build configuration list for PBXNativeTarget "SecurityExam" */;
			buildPhases = (
				4DF25C9228C1A09E00D47C8C /* Sources */,
				4DF25C9328C1A09E00D47C8C /* Frameworks */,
				4DF25C9428C1A09E00D47C8C /* CopyFiles */,
				4DF25CAC28C1F26700D47C8C /* ShellScript */,
			);
			buildRules = (
			);
			dependencies = (
			);
			name = SecurityExam;
			packageProductDependencies = (
				4DF25C9D28C1A0E000D47C8C /* ArgumentParser */,
			);
			productName = SecurityExam;
			productReference = 4DF25C9628C1A09E00D47C8C /* SecurityExam */;
			productType = "com.apple.product-type.tool";
		};
/* End PBXNativeTarget section */

/* Begin PBXProject section */
		4D43A05327F04D5B0004F08F /* Project object */ = {
			isa = PBXProject;
			attributes = {
				BuildIndependentTargetsInParallel = 1;
				LastSwiftUpdateCheck = 1400;
				LastUpgradeCheck = 1400;
				TargetAttributes = {
					4D7044E42890E1D5004C4BFB = {
						CreatedOnToolsVersion = 13.4;
					};
					4D7060CB2887FA790029A04B = {
						CreatedOnToolsVersion = 13.4;
					};
					4D98AA4328B7556D00CF256E = {
						CreatedOnToolsVersion = 13.4;
					};
					4DAC73DF284713DA00F17A3C = {
						CreatedOnToolsVersion = 13.4;
					};
					4DAC73F32847195400F17A3C = {
						CreatedOnToolsVersion = 13.4;
					};
					4DAC740828471AC400F17A3C = {
						CreatedOnToolsVersion = 13.4;
					};
					4DAC742028471EE800F17A3C = {
						CreatedOnToolsVersion = 13.4;
					};
					4DAC7434284734A500F17A3C = {
						CreatedOnToolsVersion = 13.4;
					};
					4DC2670228E463D200007CDE = {
						CreatedOnToolsVersion = 14.0;
					};
					4DF25C9528C1A09E00D47C8C = {
						CreatedOnToolsVersion = 13.4;
					};
				};
			};
			buildConfigurationList = 4D43A05627F04D5B0004F08F /* Build configuration list for PBXProject "AlfredTool" */;
			compatibilityVersion = "Xcode 13.0";
			developmentRegion = en;
			hasScannedForEncodings = 0;
			knownRegions = (
				en,
				Base,
			);
			mainGroup = 4D43A05227F04D5B0004F08F;
			packageReferences = (
				4D43A11E27F423F70004F08F /* XCRemoteSwiftPackageReference "swift-argument-parser" */,
			);
			productRefGroup = 4D43A05C27F04D5B0004F08F /* Products */;
			projectDirPath = "";
			projectRoot = "";
			targets = (
				4DAC73DF284713DA00F17A3C /* FlatAESCrypto */,
				4DAC73F32847195400F17A3C /* CodeTool */,
				4DAC740828471AC400F17A3C /* ColorTool */,
				4DAC742028471EE800F17A3C /* Timestamp */,
				4DAC7434284734A500F17A3C /* QRCode */,
				4D7060CB2887FA790029A04B /* WeeklyData */,
				4D7044E42890E1D5004C4BFB /* SearchOpen */,
				4D98AA4328B7556D00CF256E /* DistinctProvisionProfile */,
				4DF25C9528C1A09E00D47C8C /* SecurityExam */,
				4DC2670228E463D200007CDE /* DeleteDerivedData */,
			);
		};
/* End PBXProject section */

/* Begin PBXShellScriptBuildPhase section */
		4DC2671028E46ADC00007CDE /* ShellScript */ = {
			isa = PBXShellScriptBuildPhase;
			buildActionMask = 2147483647;
			files = (
			);
			inputFileListPaths = (
			);
			inputPaths = (
			);
			outputFileListPaths = (
			);
			outputPaths = (
			);
			runOnlyForDeploymentPostprocessing = 0;
			shellPath = /bin/sh;
			shellScript = "if [ $CONFIGURATION == Release ]; then\n\nUUID=\"B6E7BFF6-F7BA-4402-9344-29D0A8550509\"\nProductPath=$(dirname $CONFIGURATION_BUILD_DIR)\nProductPath=\"$ProductPath/$CONFIGURATION/${PRODUCT_NAME}\"\nDisPath=\"/Users/zhouziyuan/Library/Application Support/Alfred/Alfred.alfredpreferences/workflows/user.workflow.${UUID}/${PRODUCT_NAME}\"\n\ncp -f \"$ProductPath\" \"$DisPath\"\n\n# 重新签名，不然不能使用\ncodesign -f -s - --deep \"$DisPath\"\n\nfi\n";
		};
		4DF25CAC28C1F26700D47C8C /* ShellScript */ = {
			isa = PBXShellScriptBuildPhase;
			alwaysOutOfDate = 1;
			buildActionMask = 2147483647;
			files = (
			);
			inputFileListPaths = (
			);
			inputPaths = (
			);
			outputFileListPaths = (
			);
			outputPaths = (
			);
			runOnlyForDeploymentPostprocessing = 0;
			shellPath = /bin/sh;
			shellScript = "if [ $CONFIGURATION == Release ]; then\n\nUUID=\"81DF1D9A-E54F-4671-B4E0-24AFEE0FF9E2\"\nProductPath=$(dirname $CONFIGURATION_BUILD_DIR)\nProductPath=\"$ProductPath/$CONFIGURATION/${PRODUCT_NAME}\"\nDisPath=\"/Users/zhouziyuan/Library/Application Support/Alfred/Alfred.alfredpreferences/workflows/user.workflow.${UUID}/${PRODUCT_NAME}\"\n\ncp -f \"$ProductPath\" \"$DisPath\"\n\n# 重新签名，不然不能使用\ncodesign -f -s - --deep \"$DisPath\"\n\nfi\n";
		};
		4DF25CAD28C1F32200D47C8C /* ShellScript */ = {
			isa = PBXShellScriptBuildPhase;
			alwaysOutOfDate = 1;
			buildActionMask = 2147483647;
			files = (
			);
			inputFileListPaths = (
			);
			inputPaths = (
			);
			outputFileListPaths = (
			);
			outputPaths = (
			);
			runOnlyForDeploymentPostprocessing = 0;
			shellPath = /bin/sh;
			shellScript = "if [ $CONFIGURATION == Release ]; then\n\nUUID=\"8ABEC8D2-DFF2-495A-901E-FA5C2AC94887\"\nProductPath=$(dirname $CONFIGURATION_BUILD_DIR)\nProductPath=\"$ProductPath/$CONFIGURATION/${PRODUCT_NAME}\"\nDisPath=\"/Users/zhouziyuan/Library/Application Support/Alfred/Alfred.alfredpreferences/workflows/user.workflow.${UUID}/${PRODUCT_NAME}\"\n\ncp -f \"$ProductPath\" \"$DisPath\"\n\n# 重新签名，不然不能使用\ncodesign -f -s - --deep \"$DisPath\"\nfi\n";
		};
		4DF25CAE28C1F35D00D47C8C /* ShellScript */ = {
			isa = PBXShellScriptBuildPhase;
			alwaysOutOfDate = 1;
			buildActionMask = 12;
			files = (
			);
			inputFileListPaths = (
			);
			inputPaths = (
			);
			outputFileListPaths = (
			);
			outputPaths = (
			);
			runOnlyForDeploymentPostprocessing = 0;
			shellPath = /bin/sh;
			shellScript = "if [ $CONFIGURATION == Release ]; then\n\nUUID=\"2F7B02CE-0C5D-41CB-8961-04FCD3A4CEBA\"\nProductPath=$(dirname $CONFIGURATION_BUILD_DIR)\nProductPath=\"$ProductPath/$CONFIGURATION/${PRODUCT_NAME}\"\nDisPath=\"/Users/zhouziyuan/Library/Application Support/Alfred/Alfred.alfredpreferences/workflows/user.workflow.${UUID}/${PRODUCT_NAME}\"\n\ncp -f \"$ProductPath\" \"$DisPath\"\n\n# 重新签名，不然不能使用\ncodesign -f -s - --deep \"$DisPath\"\n\nfi\n";
		};
		4DF25CAF28C1F3A100D47C8C /* ShellScript */ = {
			isa = PBXShellScriptBuildPhase;
			alwaysOutOfDate = 1;
			buildActionMask = 2147483647;
			files = (
			);
			inputFileListPaths = (
			);
			inputPaths = (
			);
			outputFileListPaths = (
			);
			outputPaths = (
			);
			runOnlyForDeploymentPostprocessing = 0;
			shellPath = /bin/sh;
			shellScript = "if [ $CONFIGURATION == Release ]; then\n\nUUID=\"6E4FA43D-24A8-4B1B-91F6-3B9CF487C601\"\nBuildPath=$(dirname $CONFIGURATION_BUILD_DIR)\nProductPath=\"$BuildPath/$CONFIGURATION/${PRODUCT_NAME}\"\nDisPath=\"/Users/zhouziyuan/Library/Application Support/Alfred/Alfred.alfredpreferences/workflows/user.workflow.${UUID}/${PRODUCT_NAME}\"\n\ncp -f \"$ProductPath\" \"$DisPath\"\n\n# 重新签名，不然不能使用\ncodesign -f -s - --deep \"$DisPath\"\nfi\n";
		};
		4DF25CB028C1F3F600D47C8C /* ShellScript */ = {
			isa = PBXShellScriptBuildPhase;
			alwaysOutOfDate = 1;
			buildActionMask = 2147483647;
			files = (
			);
			inputFileListPaths = (
			);
			inputPaths = (
			);
			outputFileListPaths = (
			);
			outputPaths = (
			);
			runOnlyForDeploymentPostprocessing = 0;
			shellPath = /bin/sh;
			shellScript = "if [ $CONFIGURATION == Release ]; then\n\nUUID=\"11FC8A05-7749-4927-BD4F-284B7F5C9455\"\nProductPath=$(dirname $CONFIGURATION_BUILD_DIR)\nProductPath=\"$ProductPath/$CONFIGURATION/${PRODUCT_NAME}\"\nDisPath=\"/Users/zhouziyuan/Library/Application Support/Alfred/Alfred.alfredpreferences/workflows/user.workflow.${UUID}/${PRODUCT_NAME}\"\n\ncp -f \"$ProductPath\" \"$DisPath\"\n\n# 重新签名，不然不能使用\ncodesign -f -s - --deep \"$DisPath\"\nfi\n\n";
		};
		4DF25CB228C1F45400D47C8C /* ShellScript */ = {
			isa = PBXShellScriptBuildPhase;
			alwaysOutOfDate = 1;
			buildActionMask = 2147483647;
			files = (
			);
			inputFileListPaths = (
			);
			inputPaths = (
			);
			outputFileListPaths = (
			);
			outputPaths = (
			);
			runOnlyForDeploymentPostprocessing = 0;
			shellPath = /bin/sh;
			shellScript = "if [ $CONFIGURATION == Release ]; then\n\nUUID=\"89D7B10B-3411-4415-850D-5919344A52BA\"\nProductPath=$(dirname $CONFIGURATION_BUILD_DIR)\nProductPath=\"$ProductPath/$CONFIGURATION/${PRODUCT_NAME}\"\nDisPath=\"/Users/zhouziyuan/Library/Application Support/Alfred/Alfred.alfredpreferences/workflows/user.workflow.${UUID}/${PRODUCT_NAME}\"\n\ncp -f \"$ProductPath\" \"$DisPath\"\n\n# 重新签名，不然不能使用\ncodesign -f -s - --deep \"$DisPath\"\nfi\n";
		};
		4DF25CB328C1F48C00D47C8C /* ShellScript */ = {
			isa = PBXShellScriptBuildPhase;
			alwaysOutOfDate = 1;
			buildActionMask = 2147483647;
			files = (
			);
			inputFileListPaths = (
			);
			inputPaths = (
			);
			outputFileListPaths = (
			);
			outputPaths = (
			);
			runOnlyForDeploymentPostprocessing = 0;
			shellPath = /bin/sh;
			shellScript = "if [ $CONFIGURATION == Release ]; then\n\nUUID=\"9437B0E4-26B3-428F-B14F-B47B478B5425\"\nProductPath=$(dirname $CONFIGURATION_BUILD_DIR)\nProductPath=\"$ProductPath/$CONFIGURATION/${PRODUCT_NAME}\"\nDisPath=\"/Users/zhouziyuan/Library/Application Support/Alfred/Alfred.alfredpreferences/workflows/user.workflow.${UUID}/${PRODUCT_NAME}\"\n\ncp -f \"$ProductPath\" \"$DisPath\"\n\n# 重新签名，不然不能使用\ncodesign -f -s - --deep \"$DisPath\"\nfi\n";
		};
		4DF25CB428C1F4CB00D47C8C /* ShellScript */ = {
			isa = PBXShellScriptBuildPhase;
			alwaysOutOfDate = 1;
			buildActionMask = 2147483647;
			files = (
			);
			inputFileListPaths = (
			);
			inputPaths = (
			);
			outputFileListPaths = (
			);
			outputPaths = (
			);
			runOnlyForDeploymentPostprocessing = 0;
			shellPath = /bin/sh;
			shellScript = "if [ $CONFIGURATION == Release ]; then\n\nUUID=\"BD260455-7A66-42CA-BB8B-B5772AC8EABA\"\nProductPath=$(dirname $CONFIGURATION_BUILD_DIR)\nProductPath=\"$ProductPath/$CONFIGURATION/${PRODUCT_NAME}\"\nDisPath=\"/Users/zhouziyuan/Library/Application Support/Alfred/Alfred.alfredpreferences/workflows/user.workflow.${UUID}/${PRODUCT_NAME}\"\n\ncp -f \"$ProductPath\" \"$DisPath\"\n\n# 重新签名，不然不能使用\n# codesign -f -s - --deep \"$DisPath\"\nxattr -r -d com.apple.quarantine \"$DisPath\"\nfi\n\n";
		};
		4DF25CB528C1F4FA00D47C8C /* ShellScript */ = {
			isa = PBXShellScriptBuildPhase;
			alwaysOutOfDate = 1;
			buildActionMask = 2147483647;
			files = (
			);
			inputFileListPaths = (
			);
			inputPaths = (
			);
			outputFileListPaths = (
			);
			outputPaths = (
			);
			runOnlyForDeploymentPostprocessing = 0;
			shellPath = /bin/sh;
			shellScript = "if [ $CONFIGURATION == Release ]; then\n\nUUID=\"CE2DA1E8-A104-42DC-8D9B-A005031AA467\"\nProductPath=$(dirname $CONFIGURATION_BUILD_DIR)\nProductPath=\"$ProductPath/$CONFIGURATION/${PRODUCT_NAME}\"\nDisPath=\"/Users/zhouziyuan/Library/Application Support/Alfred/Alfred.alfredpreferences/workflows/user.workflow.${UUID}/${PRODUCT_NAME}\"\n\ncp -f \"$ProductPath\" \"$DisPath\"\n\n# 重新签名，不然不能使用\ncodesign -f -s - --deep \"$DisPath\"\n\nfi\n";
		};
/* End PBXShellScriptBuildPhase section */

/* Begin PBXSourcesBuildPhase section */
		4D7044E12890E1D5004C4BFB /* Sources */ = {
			isa = PBXSourcesBuildPhase;
			buildActionMask = 2147483647;
			files = (
				4D7044F12890E252004C4BFB /* AlfredItem.swift in Sources */,
				4D7044F02890E252004C4BFB /* Alfred.swift in Sources */,
				4D7044E82890E1D5004C4BFB /* main.swift in Sources */,
				4D7044F42890E252004C4BFB /* String.swift in Sources */,
				4D7044EF2890E23A004C4BFB /* SearchOpen.swift in Sources */,
				4D7044F32890E252004C4BFB /* AlfredUtils.swift in Sources */,
			);
			runOnlyForDeploymentPostprocessing = 0;
		};
		4D7060C82887FA790029A04B /* Sources */ = {
			isa = PBXSourcesBuildPhase;
			buildActionMask = 2147483647;
			files = (
				4D7060DA288802B60029A04B /* Alfred.swift in Sources */,
				4D7060CF2887FA790029A04B /* main.swift in Sources */,
				4D7060D52887FEDF0029A04B /* Date.swift in Sources */,
				4D7060DC288802FA0029A04B /* AlfredUtils.swift in Sources */,
				4D7060D8288801A30029A04B /* String.swift in Sources */,
				4D7060DB288802B90029A04B /* AlfredItem.swift in Sources */,
				4D7060D72888008F0029A04B /* WeeklyDataManager.swift in Sources */,
			);
			runOnlyForDeploymentPostprocessing = 0;
		};
		4D98AA4028B7556D00CF256E /* Sources */ = {
			isa = PBXSourcesBuildPhase;
			buildActionMask = 2147483647;
			files = (
				4D98AA4728B7556D00CF256E /* main.swift in Sources */,
				4D98AA5028B755A300CF256E /* AlfredItem.swift in Sources */,
				4D98AA4F28B755A100CF256E /* Alfred.swift in Sources */,
				4D98AA5128B755A700CF256E /* AlfredUtils.swift in Sources */,
				4D98AA5228B755B000CF256E /* String.swift in Sources */,
				4D98AA5428B7560600CF256E /* DistinctProvisionProfile.swift in Sources */,
				4D98AA4D28B7559600CF256E /* Regex.swift in Sources */,
				4D98AA4E28B7559600CF256E /* NSTask-execute.swift in Sources */,
			);
			runOnlyForDeploymentPostprocessing = 0;
		};
		4DAC73DC284713DA00F17A3C /* Sources */ = {
			isa = PBXSourcesBuildPhase;
			buildActionMask = 2147483647;
			files = (
				4D98AA0928B474E100CF256E /* NoPadding.swift in Sources */,
				4D98AA1528B474E100CF256E /* Updatable.swift in Sources */,
				4D98AA1B28B474E100CF256E /* PKCS7Padding.swift in Sources */,
				4D98AA2428B474E100CF256E /* CTR.swift in Sources */,
				4D98AA1928B474E100CF256E /* Generics.swift in Sources */,
				4D98AA1328B474E100CF256E /* Authenticator.swift in Sources */,
				4D98AA0528B474E100CF256E /* Int+Extension.swift in Sources */,
				4DAC73ED284714B000F17A3C /* String.swift in Sources */,
				4D98AA0328B474E100CF256E /* ISO10126Padding.swift in Sources */,
				4D98AA0428B474E100CF256E /* Cipher.swift in Sources */,
				4DAC73EE284714BE00F17A3C /* CurlParser.swift in Sources */,
				4D98AA0C28B474E100CF256E /* AES+Foundation.swift in Sources */,
				4D98AA1828B474E100CF256E /* Utils.swift in Sources */,
				4D98AA2128B474E100CF256E /* ECB.swift in Sources */,
				4D98AA2028B474E100CF256E /* CBC.swift in Sources */,
				4D98AA1A28B474E100CF256E /* Padding.swift in Sources */,
				4DAC73EC284714A100F17A3C /* Alfred.swift in Sources */,
				4D98AA1228B474E100CF256E /* String+Extension.swift in Sources */,
				4D98AA0F28B474E100CF256E /* ISO78164Padding.swift in Sources */,
				4D98AA2228B474E100CF256E /* BlockMode.swift in Sources */,
				4D98AA0828B474E100CF256E /* UInt32+Extension.swift in Sources */,
				4D98AA1428B474E100CF256E /* BlockCipher.swift in Sources */,
				4DAC73EB284714A100F17A3C /* AlfredItem.swift in Sources */,
				4D98AA0728B474E100CF256E /* Bit.swift in Sources */,
				4D98AA1728B474E100CF256E /* StreamEncryptor.swift in Sources */,
				4D98AA1F28B474E100CF256E /* CFB.swift in Sources */,
				4D98AA0B28B474E100CF256E /* Array+Foundation.swift in Sources */,
				4D98AA0D28B474E100CF256E /* Cryptor.swift in Sources */,
				4DAC73E3284713DA00F17A3C /* main.swift in Sources */,
				4D98AA1D28B474E100CF256E /* PKCS7.swift in Sources */,
				4D98AA1128B474E100CF256E /* ZeroPadding.swift in Sources */,
				4D98A9FF28B474E100CF256E /* StreamDecryptor.swift in Sources */,
				4D98AA1028B474E100CF256E /* SecureBytes.swift in Sources */,
				4D98AA2328B474E100CF256E /* CipherModeWorker.swift in Sources */,
				4D98AA2528B474E100CF256E /* OFB.swift in Sources */,
				4D98AA1628B474E100CF256E /* BlockDecryptor.swift in Sources */,
				4D98AA1E28B474E100CF256E /* BlockModeOptions.swift in Sources */,
				4D98AA1C28B474E100CF256E /* PKCS5.swift in Sources */,
				4D98AA0128B474E100CF256E /* UInt64+Extension.swift in Sources */,
				4D98AA2628B474E100CF256E /* Array+Extension.swift in Sources */,
				4D98AA0628B474E100CF256E /* AES.Cryptors.swift in Sources */,
				4D98AA0E28B474E100CF256E /* BatchedCollection.swift in Sources */,
				4D98A9FE28B474E100CF256E /* AES.swift in Sources */,
				4DAC73E7284713F400F17A3C /* FlatAESCrypto.swift in Sources */,
				4D98AA0028B474E100CF256E /* BlockEncryptor.swift in Sources */,
				4D98AA0A28B474E100CF256E /* Data+Extension.swift in Sources */,
				4DAC73EA2847149300F17A3C /* AlfredUtils.swift in Sources */,
				4D98AA0228B474E100CF256E /* Cryptors.swift in Sources */,
			);
			runOnlyForDeploymentPostprocessing = 0;
		};
		4DAC73F02847195400F17A3C /* Sources */ = {
			isa = PBXSourcesBuildPhase;
			buildActionMask = 2147483647;
			files = (
				4DAC73FD2847197700F17A3C /* AlfredItem.swift in Sources */,
				4DAC73FC2847197700F17A3C /* Alfred.swift in Sources */,
				4DAC74002847199D00F17A3C /* String.swift in Sources */,
				4DAC73F72847195400F17A3C /* main.swift in Sources */,
				4DAC73FB2847196600F17A3C /* DecodeEncodeTool.swift in Sources */,
				4DAC7401284719B800F17A3C /* AlfredUtils.swift in Sources */,
			);
			runOnlyForDeploymentPostprocessing = 0;
		};
		4DAC740528471AC400F17A3C /* Sources */ = {
			isa = PBXSourcesBuildPhase;
			buildActionMask = 2147483647;
			files = (
				4DF25CB128C1F42D00D47C8C /* Plist.swift in Sources */,
				4DAC741128471AD300F17A3C /* Alfred.swift in Sources */,
				4DAC741928471B7600F17A3C /* Image.swift in Sources */,
				4D98AA2928B4771200CF256E /* Alfred+Script.swift in Sources */,
				4DAC741328471AD300F17A3C /* AlfredItem.swift in Sources */,
				4DAC740C28471AC400F17A3C /* main.swift in Sources */,
				4DAC741728471B4100F17A3C /* String.swift in Sources */,
				4DAC741828471B6700F17A3C /* Color.swift in Sources */,
				4DAC741028471ACA00F17A3C /* ColorTool.swift in Sources */,
				4DAC741428471AD300F17A3C /* AlfredUtils.swift in Sources */,
			);
			runOnlyForDeploymentPostprocessing = 0;
		};
		4DAC741D28471EE800F17A3C /* Sources */ = {
			isa = PBXSourcesBuildPhase;
			buildActionMask = 2147483647;
			files = (
				4DAC742C28471F7900F17A3C /* String.swift in Sources */,
				4DAC742B28471F6F00F17A3C /* Alfred.swift in Sources */,
				4DAC742828471EEE00F17A3C /* Timestamp.swift in Sources */,
				4DAC742E2847205600F17A3C /* Date.swift in Sources */,
				4DAC742D28471F8900F17A3C /* AlfredUtils.swift in Sources */,
				4DAC742928471F6F00F17A3C /* AlfredItem.swift in Sources */,
				4DAC742428471EE800F17A3C /* main.swift in Sources */,
			);
			runOnlyForDeploymentPostprocessing = 0;
		};
		4DAC7431284734A500F17A3C /* Sources */ = {
			isa = PBXSourcesBuildPhase;
			buildActionMask = 2147483647;
			files = (
				4DAC7443284734F400F17A3C /* QRCode.swift in Sources */,
				4DAC7441284734EF00F17A3C /* Alfred.swift in Sources */,
				4D7473F628AE0E47002CD4DD /* Plist.swift in Sources */,
				4DAC743F284734EF00F17A3C /* Image.swift in Sources */,
				4DAC7438284734A500F17A3C /* main.swift in Sources */,
				4DAC7442284734EF00F17A3C /* AlfredItem.swift in Sources */,
				4D7060D9288801A80029A04B /* String.swift in Sources */,
				4DAC7440284734EF00F17A3C /* AlfredUtils.swift in Sources */,
			);
			runOnlyForDeploymentPostprocessing = 0;
		};
		4DC266FF28E463D200007CDE /* Sources */ = {
			isa = PBXSourcesBuildPhase;
			buildActionMask = 2147483647;
			files = (
				4DC2670E28E464B300007CDE /* AlfredItem.swift in Sources */,
				4DC2670D28E464B000007CDE /* String.swift in Sources */,
				4DC2670F28E464C700007CDE /* AlfredUtils.swift in Sources */,
				4DC2670628E463D300007CDE /* main.swift in Sources */,
				4DC2670C28E464AB00007CDE /* Alfred.swift in Sources */,
			);
			runOnlyForDeploymentPostprocessing = 0;
		};
		4DF25C9228C1A09E00D47C8C /* Sources */ = {
			isa = PBXSourcesBuildPhase;
			buildActionMask = 2147483647;
			files = (
				4DF25CA328C1A10700D47C8C /* String.swift in Sources */,
				4DF25C9F28C1A10000D47C8C /* AlfredItem.swift in Sources */,
				4DF25CA128C1A10000D47C8C /* Alfred.swift in Sources */,
				4DF25CA228C1A10400D47C8C /* AlfredUtils.swift in Sources */,
				4DF25CA528C1A23E00D47C8C /* SecurityExam.swift in Sources */,
				4DF25C9928C1A09E00D47C8C /* main.swift in Sources */,
				4DF25CA028C1A10000D47C8C /* Regex.swift in Sources */,
			);
			runOnlyForDeploymentPostprocessing = 0;
		};
/* End PBXSourcesBuildPhase section */

/* Begin XCBuildConfiguration section */
		4D43A06027F04D5B0004F08F /* Debug */ = {
			isa = XCBuildConfiguration;
			buildSettings = {
				ALWAYS_SEARCH_USER_PATHS = NO;
				CLANG_ANALYZER_NONNULL = YES;
				CLANG_ANALYZER_NUMBER_OBJECT_CONVERSION = YES_AGGRESSIVE;
				CLANG_CXX_LANGUAGE_STANDARD = "gnu++17";
				CLANG_ENABLE_MODULES = YES;
				CLANG_ENABLE_OBJC_ARC = YES;
				CLANG_ENABLE_OBJC_WEAK = YES;
				CLANG_WARN_BLOCK_CAPTURE_AUTORELEASING = YES;
				CLANG_WARN_BOOL_CONVERSION = YES;
				CLANG_WARN_COMMA = YES;
				CLANG_WARN_CONSTANT_CONVERSION = YES;
				CLANG_WARN_DEPRECATED_OBJC_IMPLEMENTATIONS = YES;
				CLANG_WARN_DIRECT_OBJC_ISA_USAGE = YES_ERROR;
				CLANG_WARN_DOCUMENTATION_COMMENTS = YES;
				CLANG_WARN_EMPTY_BODY = YES;
				CLANG_WARN_ENUM_CONVERSION = YES;
				CLANG_WARN_INFINITE_RECURSION = YES;
				CLANG_WARN_INT_CONVERSION = YES;
				CLANG_WARN_NON_LITERAL_NULL_CONVERSION = YES;
				CLANG_WARN_OBJC_IMPLICIT_RETAIN_SELF = YES;
				CLANG_WARN_OBJC_LITERAL_CONVERSION = YES;
				CLANG_WARN_OBJC_ROOT_CLASS = YES_ERROR;
				CLANG_WARN_QUOTED_INCLUDE_IN_FRAMEWORK_HEADER = YES;
				CLANG_WARN_RANGE_LOOP_ANALYSIS = YES;
				CLANG_WARN_STRICT_PROTOTYPES = YES;
				CLANG_WARN_SUSPICIOUS_MOVE = YES;
				CLANG_WARN_UNGUARDED_AVAILABILITY = YES_AGGRESSIVE;
				CLANG_WARN_UNREACHABLE_CODE = YES;
				CLANG_WARN__DUPLICATE_METHOD_MATCH = YES;
				COPY_PHASE_STRIP = NO;
				DEAD_CODE_STRIPPING = YES;
				DEBUG_INFORMATION_FORMAT = dwarf;
				ENABLE_STRICT_OBJC_MSGSEND = YES;
				ENABLE_TESTABILITY = YES;
				GCC_C_LANGUAGE_STANDARD = gnu11;
				GCC_DYNAMIC_NO_PIC = NO;
				GCC_NO_COMMON_BLOCKS = YES;
				GCC_OPTIMIZATION_LEVEL = 0;
				GCC_PREPROCESSOR_DEFINITIONS = (
					"DEBUG=1",
					"$(inherited)",
				);
				GCC_WARN_64_TO_32_BIT_CONVERSION = YES;
				GCC_WARN_ABOUT_RETURN_TYPE = YES_ERROR;
				GCC_WARN_UNDECLARED_SELECTOR = YES;
				GCC_WARN_UNINITIALIZED_AUTOS = YES_AGGRESSIVE;
				GCC_WARN_UNUSED_FUNCTION = YES;
				GCC_WARN_UNUSED_VARIABLE = YES;
				MACOSX_DEPLOYMENT_TARGET = 12.3;
				MTL_ENABLE_DEBUG_INFO = INCLUDE_SOURCE;
				MTL_FAST_MATH = YES;
				ONLY_ACTIVE_ARCH = YES;
				SDKROOT = macosx;
				SWIFT_ACTIVE_COMPILATION_CONDITIONS = DEBUG;
				SWIFT_OPTIMIZATION_LEVEL = "-Onone";
			};
			name = Debug;
		};
		4D43A06127F04D5B0004F08F /* Release */ = {
			isa = XCBuildConfiguration;
			buildSettings = {
				ALWAYS_SEARCH_USER_PATHS = NO;
				CLANG_ANALYZER_NONNULL = YES;
				CLANG_ANALYZER_NUMBER_OBJECT_CONVERSION = YES_AGGRESSIVE;
				CLANG_CXX_LANGUAGE_STANDARD = "gnu++17";
				CLANG_ENABLE_MODULES = YES;
				CLANG_ENABLE_OBJC_ARC = YES;
				CLANG_ENABLE_OBJC_WEAK = YES;
				CLANG_WARN_BLOCK_CAPTURE_AUTORELEASING = YES;
				CLANG_WARN_BOOL_CONVERSION = YES;
				CLANG_WARN_COMMA = YES;
				CLANG_WARN_CONSTANT_CONVERSION = YES;
				CLANG_WARN_DEPRECATED_OBJC_IMPLEMENTATIONS = YES;
				CLANG_WARN_DIRECT_OBJC_ISA_USAGE = YES_ERROR;
				CLANG_WARN_DOCUMENTATION_COMMENTS = YES;
				CLANG_WARN_EMPTY_BODY = YES;
				CLANG_WARN_ENUM_CONVERSION = YES;
				CLANG_WARN_INFINITE_RECURSION = YES;
				CLANG_WARN_INT_CONVERSION = YES;
				CLANG_WARN_NON_LITERAL_NULL_CONVERSION = YES;
				CLANG_WARN_OBJC_IMPLICIT_RETAIN_SELF = YES;
				CLANG_WARN_OBJC_LITERAL_CONVERSION = YES;
				CLANG_WARN_OBJC_ROOT_CLASS = YES_ERROR;
				CLANG_WARN_QUOTED_INCLUDE_IN_FRAMEWORK_HEADER = YES;
				CLANG_WARN_RANGE_LOOP_ANALYSIS = YES;
				CLANG_WARN_STRICT_PROTOTYPES = YES;
				CLANG_WARN_SUSPICIOUS_MOVE = YES;
				CLANG_WARN_UNGUARDED_AVAILABILITY = YES_AGGRESSIVE;
				CLANG_WARN_UNREACHABLE_CODE = YES;
				CLANG_WARN__DUPLICATE_METHOD_MATCH = YES;
				COPY_PHASE_STRIP = NO;
				DEAD_CODE_STRIPPING = YES;
				DEBUG_INFORMATION_FORMAT = "dwarf-with-dsym";
				ENABLE_NS_ASSERTIONS = NO;
				ENABLE_STRICT_OBJC_MSGSEND = YES;
				GCC_C_LANGUAGE_STANDARD = gnu11;
				GCC_NO_COMMON_BLOCKS = YES;
				GCC_WARN_64_TO_32_BIT_CONVERSION = YES;
				GCC_WARN_ABOUT_RETURN_TYPE = YES_ERROR;
				GCC_WARN_UNDECLARED_SELECTOR = YES;
				GCC_WARN_UNINITIALIZED_AUTOS = YES_AGGRESSIVE;
				GCC_WARN_UNUSED_FUNCTION = YES;
				GCC_WARN_UNUSED_VARIABLE = YES;
				MACOSX_DEPLOYMENT_TARGET = 12.3;
				MTL_ENABLE_DEBUG_INFO = NO;
				MTL_FAST_MATH = YES;
				SDKROOT = macosx;
				SWIFT_COMPILATION_MODE = wholemodule;
				SWIFT_OPTIMIZATION_LEVEL = "-O";
			};
			name = Release;
		};
		4D7044E92890E1D5004C4BFB /* Debug */ = {
			isa = XCBuildConfiguration;
			buildSettings = {
				CODE_SIGN_IDENTITY = "-";
				CODE_SIGN_STYLE = Automatic;
				DEAD_CODE_STRIPPING = YES;
				MACOSX_DEPLOYMENT_TARGET = 10.15;
				PRODUCT_NAME = "$(TARGET_NAME)";
				SWIFT_VERSION = 5.0;
			};
			name = Debug;
		};
		4D7044EA2890E1D5004C4BFB /* Release */ = {
			isa = XCBuildConfiguration;
			buildSettings = {
				CODE_SIGN_IDENTITY = "-";
				CODE_SIGN_STYLE = Automatic;
				DEAD_CODE_STRIPPING = YES;
				MACOSX_DEPLOYMENT_TARGET = 10.15;
				PRODUCT_NAME = "$(TARGET_NAME)";
				SWIFT_VERSION = 5.0;
			};
			name = Release;
		};
		4D7060D02887FA790029A04B /* Debug */ = {
			isa = XCBuildConfiguration;
			buildSettings = {
				CODE_SIGN_IDENTITY = "-";
				CODE_SIGN_STYLE = Automatic;
				DEAD_CODE_STRIPPING = YES;
				MACOSX_DEPLOYMENT_TARGET = 10.15;
				PRODUCT_NAME = "$(TARGET_NAME)";
				SWIFT_VERSION = 5.0;
			};
			name = Debug;
		};
		4D7060D12887FA790029A04B /* Release */ = {
			isa = XCBuildConfiguration;
			buildSettings = {
				CODE_SIGN_IDENTITY = "-";
				CODE_SIGN_STYLE = Automatic;
				DEAD_CODE_STRIPPING = YES;
				MACOSX_DEPLOYMENT_TARGET = 10.15;
				PRODUCT_NAME = "$(TARGET_NAME)";
				SWIFT_VERSION = 5.0;
			};
			name = Release;
		};
		4D98AA4828B7556D00CF256E /* Debug */ = {
			isa = XCBuildConfiguration;
			buildSettings = {
				CODE_SIGN_IDENTITY = "-";
				CODE_SIGN_STYLE = Automatic;
				DEAD_CODE_STRIPPING = YES;
				PRODUCT_NAME = "$(TARGET_NAME)";
				SWIFT_VERSION = 5.0;
			};
			name = Debug;
		};
		4D98AA4928B7556D00CF256E /* Release */ = {
			isa = XCBuildConfiguration;
			buildSettings = {
				CODE_SIGN_IDENTITY = "-";
				CODE_SIGN_STYLE = Automatic;
				DEAD_CODE_STRIPPING = YES;
				PRODUCT_NAME = "$(TARGET_NAME)";
				SWIFT_VERSION = 5.0;
			};
			name = Release;
		};
		4DAC73E5284713DA00F17A3C /* Debug */ = {
			isa = XCBuildConfiguration;
			buildSettings = {
				CODE_SIGN_IDENTITY = "-";
				CODE_SIGN_STYLE = Automatic;
				DEAD_CODE_STRIPPING = YES;
				MACOSX_DEPLOYMENT_TARGET = 10.15;
				PRODUCT_NAME = "$(TARGET_NAME)";
				SWIFT_VERSION = 5.0;
			};
			name = Debug;
		};
		4DAC73E6284713DA00F17A3C /* Release */ = {
			isa = XCBuildConfiguration;
			buildSettings = {
				CODE_SIGN_IDENTITY = "-";
				CODE_SIGN_STYLE = Manual;
				DEAD_CODE_STRIPPING = YES;
				DEVELOPMENT_TEAM = "";
				MACOSX_DEPLOYMENT_TARGET = 10.15;
				PRODUCT_NAME = "$(TARGET_NAME)";
				PROVISIONING_PROFILE_SPECIFIER = "";
				SWIFT_VERSION = 5.0;
			};
			name = Release;
		};
		4DAC73F92847195400F17A3C /* Debug */ = {
			isa = XCBuildConfiguration;
			buildSettings = {
				CODE_SIGN_IDENTITY = "-";
				CODE_SIGN_STYLE = Manual;
				DEAD_CODE_STRIPPING = YES;
				DEVELOPMENT_TEAM = "";
				MACOSX_DEPLOYMENT_TARGET = 10.15;
				PRODUCT_BUNDLE_IDENTIFIER = com.alfred.codetool;
				PRODUCT_NAME = "$(TARGET_NAME)";
				PROVISIONING_PROFILE_SPECIFIER = "";
				SWIFT_VERSION = 5.0;
			};
			name = Debug;
		};
		4DAC73FA2847195400F17A3C /* Release */ = {
			isa = XCBuildConfiguration;
			buildSettings = {
				CODE_SIGN_IDENTITY = "-";
				CODE_SIGN_STYLE = Manual;
				DEAD_CODE_STRIPPING = YES;
				DEVELOPMENT_TEAM = "";
				MACOSX_DEPLOYMENT_TARGET = 10.15;
				PRODUCT_NAME = "$(TARGET_NAME)";
				PROVISIONING_PROFILE_SPECIFIER = "";
				SWIFT_VERSION = 5.0;
			};
			name = Release;
		};
		4DAC740E28471AC400F17A3C /* Debug */ = {
			isa = XCBuildConfiguration;
			buildSettings = {
				CODE_SIGN_IDENTITY = "-";
				CODE_SIGN_STYLE = Automatic;
				DEAD_CODE_STRIPPING = YES;
				MACOSX_DEPLOYMENT_TARGET = 10.15;
				PRODUCT_NAME = "$(TARGET_NAME)";
				SWIFT_VERSION = 5.0;
			};
			name = Debug;
		};
		4DAC740F28471AC400F17A3C /* Release */ = {
			isa = XCBuildConfiguration;
			buildSettings = {
				CODE_SIGN_IDENTITY = "-";
				CODE_SIGN_STYLE = Manual;
				DEAD_CODE_STRIPPING = YES;
				DEVELOPMENT_TEAM = "";
				MACOSX_DEPLOYMENT_TARGET = 10.15;
				PRODUCT_NAME = "$(TARGET_NAME)";
				PROVISIONING_PROFILE_SPECIFIER = "";
				SWIFT_VERSION = 5.0;
			};
			name = Release;
		};
		4DAC742628471EE800F17A3C /* Debug */ = {
			isa = XCBuildConfiguration;
			buildSettings = {
				CODE_SIGN_IDENTITY = "-";
				CODE_SIGN_STYLE = Automatic;
				DEAD_CODE_STRIPPING = YES;
				MACOSX_DEPLOYMENT_TARGET = 10.15;
				PRODUCT_NAME = "$(TARGET_NAME)";
				SWIFT_VERSION = 5.0;
			};
			name = Debug;
		};
		4DAC742728471EE800F17A3C /* Release */ = {
			isa = XCBuildConfiguration;
			buildSettings = {
				CODE_SIGN_IDENTITY = "-";
				CODE_SIGN_STYLE = Manual;
				DEAD_CODE_STRIPPING = YES;
				DEVELOPMENT_TEAM = "";
				MACOSX_DEPLOYMENT_TARGET = 10.15;
				PRODUCT_NAME = "$(TARGET_NAME)";
				PROVISIONING_PROFILE_SPECIFIER = "";
				SWIFT_VERSION = 5.0;
			};
			name = Release;
		};
		4DAC743A284734A500F17A3C /* Debug */ = {
			isa = XCBuildConfiguration;
			buildSettings = {
				CODE_SIGN_IDENTITY = "-";
				CODE_SIGN_STYLE = Automatic;
				DEAD_CODE_STRIPPING = YES;
				MACOSX_DEPLOYMENT_TARGET = 10.15;
				PRODUCT_NAME = "$(TARGET_NAME)";
				SWIFT_VERSION = 5.0;
			};
			name = Debug;
		};
		4DAC743B284734A500F17A3C /* Release */ = {
			isa = XCBuildConfiguration;
			buildSettings = {
				CODE_SIGN_IDENTITY = "-";
				CODE_SIGN_STYLE = Automatic;
				DEAD_CODE_STRIPPING = YES;
				MACOSX_DEPLOYMENT_TARGET = 10.15;
				PRODUCT_NAME = "$(TARGET_NAME)";
				SWIFT_VERSION = 5.0;
			};
			name = Release;
		};
		4DC2670728E463D300007CDE /* Debug */ = {
			isa = XCBuildConfiguration;
			buildSettings = {
				CLANG_CXX_LANGUAGE_STANDARD = "gnu++20";
				CODE_SIGN_STYLE = Automatic;
				PRODUCT_NAME = "$(TARGET_NAME)";
				SWIFT_VERSION = 5.0;
			};
			name = Debug;
		};
		4DC2670828E463D300007CDE /* Release */ = {
			isa = XCBuildConfiguration;
			buildSettings = {
				CLANG_CXX_LANGUAGE_STANDARD = "gnu++20";
				CODE_SIGN_STYLE = Automatic;
				PRODUCT_NAME = "$(TARGET_NAME)";
				SWIFT_VERSION = 5.0;
			};
			name = Release;
		};
		4DF25C9A28C1A09E00D47C8C /* Debug */ = {
			isa = XCBuildConfiguration;
			buildSettings = {
				CODE_SIGN_IDENTITY = "-";
				CODE_SIGN_STYLE = Automatic;
				DEAD_CODE_STRIPPING = YES;
				PRODUCT_NAME = "$(TARGET_NAME)";
				SWIFT_VERSION = 5.0;
			};
			name = Debug;
		};
		4DF25C9B28C1A09E00D47C8C /* Release */ = {
			isa = XCBuildConfiguration;
			buildSettings = {
				CODE_SIGN_IDENTITY = "-";
				CODE_SIGN_STYLE = Automatic;
				DEAD_CODE_STRIPPING = YES;
				PRODUCT_NAME = "$(TARGET_NAME)";
				SWIFT_VERSION = 5.0;
			};
			name = Release;
		};
/* End XCBuildConfiguration section */

/* Begin XCConfigurationList section */
		4D43A05627F04D5B0004F08F /* Build configuration list for PBXProject "AlfredTool" */ = {
			isa = XCConfigurationList;
			buildConfigurations = (
				4D43A06027F04D5B0004F08F /* Debug */,
				4D43A06127F04D5B0004F08F /* Release */,
			);
			defaultConfigurationIsVisible = 0;
			defaultConfigurationName = Release;
		};
		4D7044EB2890E1D5004C4BFB /* Build configuration list for PBXNativeTarget "SearchOpen" */ = {
			isa = XCConfigurationList;
			buildConfigurations = (
				4D7044E92890E1D5004C4BFB /* Debug */,
				4D7044EA2890E1D5004C4BFB /* Release */,
			);
			defaultConfigurationIsVisible = 0;
			defaultConfigurationName = Release;
		};
		4D7060D22887FA790029A04B /* Build configuration list for PBXNativeTarget "WeeklyData" */ = {
			isa = XCConfigurationList;
			buildConfigurations = (
				4D7060D02887FA790029A04B /* Debug */,
				4D7060D12887FA790029A04B /* Release */,
			);
			defaultConfigurationIsVisible = 0;
			defaultConfigurationName = Release;
		};
		4D98AA4A28B7556D00CF256E /* Build configuration list for PBXNativeTarget "DistinctProvisionProfile" */ = {
			isa = XCConfigurationList;
			buildConfigurations = (
				4D98AA4828B7556D00CF256E /* Debug */,
				4D98AA4928B7556D00CF256E /* Release */,
			);
			defaultConfigurationIsVisible = 0;
			defaultConfigurationName = Release;
		};
		4DAC73E4284713DA00F17A3C /* Build configuration list for PBXNativeTarget "FlatAESCrypto" */ = {
			isa = XCConfigurationList;
			buildConfigurations = (
				4DAC73E5284713DA00F17A3C /* Debug */,
				4DAC73E6284713DA00F17A3C /* Release */,
			);
			defaultConfigurationIsVisible = 0;
			defaultConfigurationName = Release;
		};
		4DAC73F82847195400F17A3C /* Build configuration list for PBXNativeTarget "CodeTool" */ = {
			isa = XCConfigurationList;
			buildConfigurations = (
				4DAC73F92847195400F17A3C /* Debug */,
				4DAC73FA2847195400F17A3C /* Release */,
			);
			defaultConfigurationIsVisible = 0;
			defaultConfigurationName = Release;
		};
		4DAC740D28471AC400F17A3C /* Build configuration list for PBXNativeTarget "ColorTool" */ = {
			isa = XCConfigurationList;
			buildConfigurations = (
				4DAC740E28471AC400F17A3C /* Debug */,
				4DAC740F28471AC400F17A3C /* Release */,
			);
			defaultConfigurationIsVisible = 0;
			defaultConfigurationName = Release;
		};
		4DAC742528471EE800F17A3C /* Build configuration list for PBXNativeTarget "Timestamp" */ = {
			isa = XCConfigurationList;
			buildConfigurations = (
				4DAC742628471EE800F17A3C /* Debug */,
				4DAC742728471EE800F17A3C /* Release */,
			);
			defaultConfigurationIsVisible = 0;
			defaultConfigurationName = Release;
		};
		4DAC7439284734A500F17A3C /* Build configuration list for PBXNativeTarget "QRCode" */ = {
			isa = XCConfigurationList;
			buildConfigurations = (
				4DAC743A284734A500F17A3C /* Debug */,
				4DAC743B284734A500F17A3C /* Release */,
			);
			defaultConfigurationIsVisible = 0;
			defaultConfigurationName = Release;
		};
		4DC2670928E463D300007CDE /* Build configuration list for PBXNativeTarget "DeleteDerivedData" */ = {
			isa = XCConfigurationList;
			buildConfigurations = (
				4DC2670728E463D300007CDE /* Debug */,
				4DC2670828E463D300007CDE /* Release */,
			);
			defaultConfigurationIsVisible = 0;
			defaultConfigurationName = Release;
		};
		4DF25C9C28C1A09E00D47C8C /* Build configuration list for PBXNativeTarget "SecurityExam" */ = {
			isa = XCConfigurationList;
			buildConfigurations = (
				4DF25C9A28C1A09E00D47C8C /* Debug */,
				4DF25C9B28C1A09E00D47C8C /* Release */,
			);
			defaultConfigurationIsVisible = 0;
			defaultConfigurationName = Release;
		};
/* End XCConfigurationList section */

/* Begin XCRemoteSwiftPackageReference section */
		4D43A11E27F423F70004F08F /* XCRemoteSwiftPackageReference "swift-argument-parser" */ = {
			isa = XCRemoteSwiftPackageReference;
			repositoryURL = "https://github.com/apple/swift-argument-parser.git";
			requirement = {
				kind = upToNextMajorVersion;
				minimumVersion = 1.0.0;
			};
		};
/* End XCRemoteSwiftPackageReference section */

/* Begin XCSwiftPackageProductDependency section */
		4D7044EC2890E1E5004C4BFB /* ArgumentParser */ = {
			isa = XCSwiftPackageProductDependency;
			package = 4D43A11E27F423F70004F08F /* XCRemoteSwiftPackageReference "swift-argument-parser" */;
			productName = ArgumentParser;
		};
		4D7060D32887FAB90029A04B /* ArgumentParser */ = {
			isa = XCSwiftPackageProductDependency;
			package = 4D43A11E27F423F70004F08F /* XCRemoteSwiftPackageReference "swift-argument-parser" */;
			productName = ArgumentParser;
		};
		4D98AA5528B756AB00CF256E /* ArgumentParser */ = {
			isa = XCSwiftPackageProductDependency;
			package = 4D43A11E27F423F70004F08F /* XCRemoteSwiftPackageReference "swift-argument-parser" */;
			productName = ArgumentParser;
		};
		4DAC73E82847147300F17A3C /* ArgumentParser */ = {
			isa = XCSwiftPackageProductDependency;
			package = 4D43A11E27F423F70004F08F /* XCRemoteSwiftPackageReference "swift-argument-parser" */;
			productName = ArgumentParser;
		};
		4DAC7403284719FF00F17A3C /* ArgumentParser */ = {
			isa = XCSwiftPackageProductDependency;
			package = 4D43A11E27F423F70004F08F /* XCRemoteSwiftPackageReference "swift-argument-parser" */;
			productName = ArgumentParser;
		};
		4DAC741528471ADF00F17A3C /* ArgumentParser */ = {
			isa = XCSwiftPackageProductDependency;
			package = 4D43A11E27F423F70004F08F /* XCRemoteSwiftPackageReference "swift-argument-parser" */;
			productName = ArgumentParser;
		};
		4DAC742F2847208100F17A3C /* ArgumentParser */ = {
			isa = XCSwiftPackageProductDependency;
			package = 4D43A11E27F423F70004F08F /* XCRemoteSwiftPackageReference "swift-argument-parser" */;
			productName = ArgumentParser;
		};
		4DAC743C284734E600F17A3C /* ArgumentParser */ = {
			isa = XCSwiftPackageProductDependency;
			package = 4D43A11E27F423F70004F08F /* XCRemoteSwiftPackageReference "swift-argument-parser" */;
			productName = ArgumentParser;
		};
		4DC2670A28E463F100007CDE /* ArgumentParser */ = {
			isa = XCSwiftPackageProductDependency;
			package = 4D43A11E27F423F70004F08F /* XCRemoteSwiftPackageReference "swift-argument-parser" */;
			productName = ArgumentParser;
		};
		4DF25C9D28C1A0E000D47C8C /* ArgumentParser */ = {
			isa = XCSwiftPackageProductDependency;
			package = 4D43A11E27F423F70004F08F /* XCRemoteSwiftPackageReference "swift-argument-parser" */;
			productName = ArgumentParser;
		};
/* End XCSwiftPackageProductDependency section */
	};
	rootObject = 4D43A05327F04D5B0004F08F /* Project object */;
}
