// !$*UTF8*$!
{
	archiveVersion = 1;
	classes = {
	};
	objectVersion = 55;
	objects = {

/* Begin PBXBuildFile section */
		4D43A12827F424110004F08F /* main.swift in Sources */ = {isa = PBXBuildFile; fileRef = 4D43A12727F424110004F08F /* main.swift */; };
		4D43A12D27F424270004F08F /* ArgumentParser in Frameworks */ = {isa = PBXBuildFile; productRef = 4D43A12C27F424270004F08F /* ArgumentParser */; };
		4D43A13327F4273F0004F08F /* Date.swift in Sources */ = {isa = PBXBuildFile; fileRef = 4D43A13227F4273F0004F08F /* Date.swift */; };
		4D43A13427F427570004F08F /* String.swift in Sources */ = {isa = PBXBuildFile; fileRef = 4D43A0AF27F097B70004F08F /* String.swift */; };
		4D43A13A27F4283E0004F08F /* Image.swift in Sources */ = {isa = PBXBuildFile; fileRef = 4D43A0A827F057E90004F08F /* Image.swift */; };
		4D43A13B27F428430004F08F /* Color.swift in Sources */ = {isa = PBXBuildFile; fileRef = 4D43A0A927F057EA0004F08F /* Color.swift */; };
		4D43A13C27F428DD0004F08F /* QRCode.swift in Sources */ = {isa = PBXBuildFile; fileRef = 4D43A0FB27F2ED420004F08F /* QRCode.swift */; };
		4D43A13D27F428E40004F08F /* DecodeEncodeToolTool.swift in Sources */ = {isa = PBXBuildFile; fileRef = 4D43A11927F404340004F08F /* DecodeEncodeToolTool.swift */; };
		4D43A13E27F428E40004F08F /* ColorTool.swift in Sources */ = {isa = PBXBuildFile; fileRef = 4D43A0A527F054AA0004F08F /* ColorTool.swift */; };
		4D43A13F27F428E40004F08F /* Timestamp.swift in Sources */ = {isa = PBXBuildFile; fileRef = 4D43A0F327F2DEEF0004F08F /* Timestamp.swift */; };
		4D8107EC280E9CC500F66817 /* FlatAESCrypto.swift in Sources */ = {isa = PBXBuildFile; fileRef = 4D8107EB280E9CC500F66817 /* FlatAESCrypto.swift */; };
		4D8107F2280FD4DE00F66817 /* CurlParser.swift in Sources */ = {isa = PBXBuildFile; fileRef = 4D8107F1280FD4DE00F66817 /* CurlParser.swift */; };
		4DFFEBAB27F71998000B2C9C /* Plist.swift in Sources */ = {isa = PBXBuildFile; fileRef = 4DFFEBA727F71998000B2C9C /* Plist.swift */; };
		4DFFEBAC27F71998000B2C9C /* AlfredItem.swift in Sources */ = {isa = PBXBuildFile; fileRef = 4DFFEBA827F71998000B2C9C /* AlfredItem.swift */; };
		4DFFEBAD27F71998000B2C9C /* Utils.swift in Sources */ = {isa = PBXBuildFile; fileRef = 4DFFEBA927F71998000B2C9C /* Utils.swift */; };
		4DFFEBB327F84C4E000B2C9C /* Alfred.swift in Sources */ = {isa = PBXBuildFile; fileRef = 4DFFEBB227F84C4E000B2C9C /* Alfred.swift */; };
/* End PBXBuildFile section */

/* Begin PBXCopyFilesBuildPhase section */
		4D43A12327F424110004F08F /* CopyFiles */ = {
			isa = PBXCopyFilesBuildPhase;
			buildActionMask = 2147483647;
			dstPath = /usr/share/man/man1/;
			dstSubfolderSpec = 0;
			files = (
			);
			runOnlyForDeploymentPostprocessing = 1;
		};
/* End PBXCopyFilesBuildPhase section */

/* Begin PBXFileReference section */
		4D43A0A527F054AA0004F08F /* ColorTool.swift */ = {isa = PBXFileReference; lastKnownFileType = sourcecode.swift; path = ColorTool.swift; sourceTree = "<group>"; };
		4D43A0A827F057E90004F08F /* Image.swift */ = {isa = PBXFileReference; fileEncoding = 4; lastKnownFileType = sourcecode.swift; path = Image.swift; sourceTree = "<group>"; };
		4D43A0A927F057EA0004F08F /* Color.swift */ = {isa = PBXFileReference; fileEncoding = 4; lastKnownFileType = sourcecode.swift; path = Color.swift; sourceTree = "<group>"; };
		4D43A0AF27F097B70004F08F /* String.swift */ = {isa = PBXFileReference; lastKnownFileType = sourcecode.swift; path = String.swift; sourceTree = "<group>"; };
		4D43A0F327F2DEEF0004F08F /* Timestamp.swift */ = {isa = PBXFileReference; lastKnownFileType = sourcecode.swift; path = Timestamp.swift; sourceTree = "<group>"; };
		4D43A0FB27F2ED420004F08F /* QRCode.swift */ = {isa = PBXFileReference; lastKnownFileType = sourcecode.swift; path = QRCode.swift; sourceTree = "<group>"; };
		4D43A11927F404340004F08F /* DecodeEncodeToolTool.swift */ = {isa = PBXFileReference; lastKnownFileType = sourcecode.swift; path = DecodeEncodeToolTool.swift; sourceTree = "<group>"; };
		4D43A12527F424110004F08F /* AlfredTool */ = {isa = PBXFileReference; explicitFileType = "compiled.mach-o.executable"; includeInIndex = 0; path = AlfredTool; sourceTree = BUILT_PRODUCTS_DIR; };
		4D43A12727F424110004F08F /* main.swift */ = {isa = PBXFileReference; lastKnownFileType = sourcecode.swift; path = main.swift; sourceTree = "<group>"; };
		4D43A13227F4273F0004F08F /* Date.swift */ = {isa = PBXFileReference; lastKnownFileType = sourcecode.swift; path = Date.swift; sourceTree = "<group>"; };
		4D8107E9280E9C9600F66817 /* CryptoKit.framework */ = {isa = PBXFileReference; lastKnownFileType = wrapper.framework; name = CryptoKit.framework; path = System/Library/Frameworks/CryptoKit.framework; sourceTree = SDKROOT; };
		4D8107EB280E9CC500F66817 /* FlatAESCrypto.swift */ = {isa = PBXFileReference; fileEncoding = 4; lastKnownFileType = sourcecode.swift; path = FlatAESCrypto.swift; sourceTree = "<group>"; };
		4D8107F1280FD4DE00F66817 /* CurlParser.swift */ = {isa = PBXFileReference; fileEncoding = 4; lastKnownFileType = sourcecode.swift; path = CurlParser.swift; sourceTree = "<group>"; };
		4DFFEBA727F71998000B2C9C /* Plist.swift */ = {isa = PBXFileReference; fileEncoding = 4; lastKnownFileType = sourcecode.swift; path = Plist.swift; sourceTree = "<group>"; };
		4DFFEBA827F71998000B2C9C /* AlfredItem.swift */ = {isa = PBXFileReference; fileEncoding = 4; lastKnownFileType = sourcecode.swift; path = AlfredItem.swift; sourceTree = "<group>"; };
		4DFFEBA927F71998000B2C9C /* Utils.swift */ = {isa = PBXFileReference; fileEncoding = 4; lastKnownFileType = sourcecode.swift; path = Utils.swift; sourceTree = "<group>"; };
		4DFFEBB227F84C4E000B2C9C /* Alfred.swift */ = {isa = PBXFileReference; fileEncoding = 4; lastKnownFileType = sourcecode.swift; path = Alfred.swift; sourceTree = "<group>"; };
/* End PBXFileReference section */

/* Begin PBXFrameworksBuildPhase section */
		4D43A12227F424110004F08F /* Frameworks */ = {
			isa = PBXFrameworksBuildPhase;
			buildActionMask = 2147483647;
			files = (
				4D43A12D27F424270004F08F /* ArgumentParser in Frameworks */,
			);
			runOnlyForDeploymentPostprocessing = 0;
		};
/* End PBXFrameworksBuildPhase section */

/* Begin PBXGroup section */
		4D43A05227F04D5B0004F08F = {
			isa = PBXGroup;
			children = (
				4D43A12627F424110004F08F /* AlfredTool */,
				4D43A05C27F04D5B0004F08F /* Products */,
				4D43A09B27F052A10004F08F /* Frameworks */,
			);
			sourceTree = "<group>";
		};
		4D43A05C27F04D5B0004F08F /* Products */ = {
			isa = PBXGroup;
			children = (
				4D43A12527F424110004F08F /* AlfredTool */,
			);
			name = Products;
			sourceTree = "<group>";
		};
		4D43A09B27F052A10004F08F /* Frameworks */ = {
			isa = PBXGroup;
			children = (
				4D8107E9280E9C9600F66817 /* CryptoKit.framework */,
			);
			name = Frameworks;
			sourceTree = "<group>";
		};
		4D43A12627F424110004F08F /* AlfredTool */ = {
			isa = PBXGroup;
			children = (
				4D43A12727F424110004F08F /* main.swift */,
				4D43A13627F4279A0004F08F /* Model */,
				4D43A13127F426EA0004F08F /* Util */,
			);
			path = AlfredTool;
			sourceTree = "<group>";
		};
		4D43A13127F426EA0004F08F /* Util */ = {
			isa = PBXGroup;
			children = (
				4D43A0A927F057EA0004F08F /* Color.swift */,
				4D43A0A827F057E90004F08F /* Image.swift */,
				4DFFEBB227F84C4E000B2C9C /* Alfred.swift */,
				4DFFEBA827F71998000B2C9C /* AlfredItem.swift */,
				4DFFEBA727F71998000B2C9C /* Plist.swift */,
				4DFFEBA927F71998000B2C9C /* Utils.swift */,
				4D43A0AF27F097B70004F08F /* String.swift */,
				4D8107F1280FD4DE00F66817 /* CurlParser.swift */,
				4D43A13227F4273F0004F08F /* Date.swift */,
			);
			path = Util;
			sourceTree = "<group>";
		};
		4D43A13627F4279A0004F08F /* Model */ = {
			isa = PBXGroup;
			children = (
				4D43A0A527F054AA0004F08F /* ColorTool.swift */,
				4D43A0F327F2DEEF0004F08F /* Timestamp.swift */,
				4D43A11927F404340004F08F /* DecodeEncodeToolTool.swift */,
				4D43A0FB27F2ED420004F08F /* QRCode.swift */,
				4D8107EB280E9CC500F66817 /* FlatAESCrypto.swift */,
			);
			path = Model;
			sourceTree = "<group>";
		};
/* End PBXGroup section */

/* Begin PBXNativeTarget section */
		4D43A12427F424110004F08F /* AlfredTool */ = {
			isa = PBXNativeTarget;
			buildConfigurationList = 4D43A12927F424110004F08F /* Build configuration list for PBXNativeTarget "AlfredTool" */;
			buildPhases = (
				4D43A12127F424110004F08F /* Sources */,
				4D43A12227F424110004F08F /* Frameworks */,
				4D43A12327F424110004F08F /* CopyFiles */,
			);
			buildRules = (
			);
			dependencies = (
			);
			name = AlfredTool;
			packageProductDependencies = (
				4D43A12C27F424270004F08F /* ArgumentParser */,
			);
			productName = AlfredTool;
			productReference = 4D43A12527F424110004F08F /* AlfredTool */;
			productType = "com.apple.product-type.tool";
		};
/* End PBXNativeTarget section */

/* Begin PBXProject section */
		4D43A05327F04D5B0004F08F /* Project object */ = {
			isa = PBXProject;
			attributes = {
				BuildIndependentTargetsInParallel = 1;
				LastSwiftUpdateCheck = 1330;
				LastUpgradeCheck = 1330;
				TargetAttributes = {
					4D43A12427F424110004F08F = {
						CreatedOnToolsVersion = 13.3;
					};
				};
			};
			buildConfigurationList = 4D43A05627F04D5B0004F08F /* Build configuration list for PBXProject "AlfredTool" */;
			compatibilityVersion = "Xcode 13.0";
			developmentRegion = en;
			hasScannedForEncodings = 0;
			knownRegions = (
				en,
				Base,
			);
			mainGroup = 4D43A05227F04D5B0004F08F;
			packageReferences = (
				4D43A11E27F423F70004F08F /* XCRemoteSwiftPackageReference "swift-argument-parser" */,
			);
			productRefGroup = 4D43A05C27F04D5B0004F08F /* Products */;
			projectDirPath = "";
			projectRoot = "";
			targets = (
				4D43A12427F424110004F08F /* AlfredTool */,
			);
		};
/* End PBXProject section */

/* Begin PBXSourcesBuildPhase section */
		4D43A12127F424110004F08F /* Sources */ = {
			isa = PBXSourcesBuildPhase;
			buildActionMask = 2147483647;
			files = (
				4DFFEBAB27F71998000B2C9C /* Plist.swift in Sources */,
				4D43A13427F427570004F08F /* String.swift in Sources */,
				4D43A13A27F4283E0004F08F /* Image.swift in Sources */,
				4D43A13327F4273F0004F08F /* Date.swift in Sources */,
				4D8107F2280FD4DE00F66817 /* CurlParser.swift in Sources */,
				4D43A13F27F428E40004F08F /* Timestamp.swift in Sources */,
				4DFFEBAC27F71998000B2C9C /* AlfredItem.swift in Sources */,
				4DFFEBAD27F71998000B2C9C /* Utils.swift in Sources */,
				4D43A12827F424110004F08F /* main.swift in Sources */,
				4D43A13D27F428E40004F08F /* DecodeEncodeToolTool.swift in Sources */,
				4D8107EC280E9CC500F66817 /* FlatAESCrypto.swift in Sources */,
				4DFFEBB327F84C4E000B2C9C /* Alfred.swift in Sources */,
				4D43A13B27F428430004F08F /* Color.swift in Sources */,
				4D43A13C27F428DD0004F08F /* QRCode.swift in Sources */,
				4D43A13E27F428E40004F08F /* ColorTool.swift in Sources */,
			);
			runOnlyForDeploymentPostprocessing = 0;
		};
/* End PBXSourcesBuildPhase section */

/* Begin XCBuildConfiguration section */
		4D43A06027F04D5B0004F08F /* Debug */ = {
			isa = XCBuildConfiguration;
			buildSettings = {
				ALWAYS_SEARCH_USER_PATHS = NO;
				CLANG_ANALYZER_NONNULL = YES;
				CLANG_ANALYZER_NUMBER_OBJECT_CONVERSION = YES_AGGRESSIVE;
				CLANG_CXX_LANGUAGE_STANDARD = "gnu++17";
				CLANG_ENABLE_MODULES = YES;
				CLANG_ENABLE_OBJC_ARC = YES;
				CLANG_ENABLE_OBJC_WEAK = YES;
				CLANG_WARN_BLOCK_CAPTURE_AUTORELEASING = YES;
				CLANG_WARN_BOOL_CONVERSION = YES;
				CLANG_WARN_COMMA = YES;
				CLANG_WARN_CONSTANT_CONVERSION = YES;
				CLANG_WARN_DEPRECATED_OBJC_IMPLEMENTATIONS = YES;
				CLANG_WARN_DIRECT_OBJC_ISA_USAGE = YES_ERROR;
				CLANG_WARN_DOCUMENTATION_COMMENTS = YES;
				CLANG_WARN_EMPTY_BODY = YES;
				CLANG_WARN_ENUM_CONVERSION = YES;
				CLANG_WARN_INFINITE_RECURSION = YES;
				CLANG_WARN_INT_CONVERSION = YES;
				CLANG_WARN_NON_LITERAL_NULL_CONVERSION = YES;
				CLANG_WARN_OBJC_IMPLICIT_RETAIN_SELF = YES;
				CLANG_WARN_OBJC_LITERAL_CONVERSION = YES;
				CLANG_WARN_OBJC_ROOT_CLASS = YES_ERROR;
				CLANG_WARN_QUOTED_INCLUDE_IN_FRAMEWORK_HEADER = YES;
				CLANG_WARN_RANGE_LOOP_ANALYSIS = YES;
				CLANG_WARN_STRICT_PROTOTYPES = YES;
				CLANG_WARN_SUSPICIOUS_MOVE = YES;
				CLANG_WARN_UNGUARDED_AVAILABILITY = YES_AGGRESSIVE;
				CLANG_WARN_UNREACHABLE_CODE = YES;
				CLANG_WARN__DUPLICATE_METHOD_MATCH = YES;
				COPY_PHASE_STRIP = NO;
				DEBUG_INFORMATION_FORMAT = dwarf;
				ENABLE_STRICT_OBJC_MSGSEND = YES;
				ENABLE_TESTABILITY = YES;
				GCC_C_LANGUAGE_STANDARD = gnu11;
				GCC_DYNAMIC_NO_PIC = NO;
				GCC_NO_COMMON_BLOCKS = YES;
				GCC_OPTIMIZATION_LEVEL = 0;
				GCC_PREPROCESSOR_DEFINITIONS = (
					"DEBUG=1",
					"$(inherited)",
				);
				GCC_WARN_64_TO_32_BIT_CONVERSION = YES;
				GCC_WARN_ABOUT_RETURN_TYPE = YES_ERROR;
				GCC_WARN_UNDECLARED_SELECTOR = YES;
				GCC_WARN_UNINITIALIZED_AUTOS = YES_AGGRESSIVE;
				GCC_WARN_UNUSED_FUNCTION = YES;
				GCC_WARN_UNUSED_VARIABLE = YES;
				MACOSX_DEPLOYMENT_TARGET = 12.3;
				MTL_ENABLE_DEBUG_INFO = INCLUDE_SOURCE;
				MTL_FAST_MATH = YES;
				ONLY_ACTIVE_ARCH = YES;
				SDKROOT = macosx;
				SWIFT_ACTIVE_COMPILATION_CONDITIONS = DEBUG;
				SWIFT_OPTIMIZATION_LEVEL = "-Onone";
			};
			name = Debug;
		};
		4D43A06127F04D5B0004F08F /* Release */ = {
			isa = XCBuildConfiguration;
			buildSettings = {
				ALWAYS_SEARCH_USER_PATHS = NO;
				CLANG_ANALYZER_NONNULL = YES;
				CLANG_ANALYZER_NUMBER_OBJECT_CONVERSION = YES_AGGRESSIVE;
				CLANG_CXX_LANGUAGE_STANDARD = "gnu++17";
				CLANG_ENABLE_MODULES = YES;
				CLANG_ENABLE_OBJC_ARC = YES;
				CLANG_ENABLE_OBJC_WEAK = YES;
				CLANG_WARN_BLOCK_CAPTURE_AUTORELEASING = YES;
				CLANG_WARN_BOOL_CONVERSION = YES;
				CLANG_WARN_COMMA = YES;
				CLANG_WARN_CONSTANT_CONVERSION = YES;
				CLANG_WARN_DEPRECATED_OBJC_IMPLEMENTATIONS = YES;
				CLANG_WARN_DIRECT_OBJC_ISA_USAGE = YES_ERROR;
				CLANG_WARN_DOCUMENTATION_COMMENTS = YES;
				CLANG_WARN_EMPTY_BODY = YES;
				CLANG_WARN_ENUM_CONVERSION = YES;
				CLANG_WARN_INFINITE_RECURSION = YES;
				CLANG_WARN_INT_CONVERSION = YES;
				CLANG_WARN_NON_LITERAL_NULL_CONVERSION = YES;
				CLANG_WARN_OBJC_IMPLICIT_RETAIN_SELF = YES;
				CLANG_WARN_OBJC_LITERAL_CONVERSION = YES;
				CLANG_WARN_OBJC_ROOT_CLASS = YES_ERROR;
				CLANG_WARN_QUOTED_INCLUDE_IN_FRAMEWORK_HEADER = YES;
				CLANG_WARN_RANGE_LOOP_ANALYSIS = YES;
				CLANG_WARN_STRICT_PROTOTYPES = YES;
				CLANG_WARN_SUSPICIOUS_MOVE = YES;
				CLANG_WARN_UNGUARDED_AVAILABILITY = YES_AGGRESSIVE;
				CLANG_WARN_UNREACHABLE_CODE = YES;
				CLANG_WARN__DUPLICATE_METHOD_MATCH = YES;
				COPY_PHASE_STRIP = NO;
				DEBUG_INFORMATION_FORMAT = "dwarf-with-dsym";
				ENABLE_NS_ASSERTIONS = NO;
				ENABLE_STRICT_OBJC_MSGSEND = YES;
				GCC_C_LANGUAGE_STANDARD = gnu11;
				GCC_NO_COMMON_BLOCKS = YES;
				GCC_WARN_64_TO_32_BIT_CONVERSION = YES;
				GCC_WARN_ABOUT_RETURN_TYPE = YES_ERROR;
				GCC_WARN_UNDECLARED_SELECTOR = YES;
				GCC_WARN_UNINITIALIZED_AUTOS = YES_AGGRESSIVE;
				GCC_WARN_UNUSED_FUNCTION = YES;
				GCC_WARN_UNUSED_VARIABLE = YES;
				MACOSX_DEPLOYMENT_TARGET = 12.3;
				MTL_ENABLE_DEBUG_INFO = NO;
				MTL_FAST_MATH = YES;
				SDKROOT = macosx;
				SWIFT_COMPILATION_MODE = wholemodule;
				SWIFT_OPTIMIZATION_LEVEL = "-O";
			};
			name = Release;
		};
		4D43A12A27F424110004F08F /* Debug */ = {
			isa = XCBuildConfiguration;
			buildSettings = {
				CODE_SIGN_STYLE = Automatic;
				MACOSX_DEPLOYMENT_TARGET = 10.15;
				PRODUCT_NAME = "$(TARGET_NAME)";
				SWIFT_VERSION = 5.0;
			};
			name = Debug;
		};
		4D43A12B27F424110004F08F /* Release */ = {
			isa = XCBuildConfiguration;
			buildSettings = {
				CODE_SIGN_STYLE = Automatic;
				MACOSX_DEPLOYMENT_TARGET = 10.15;
				PRODUCT_NAME = "$(TARGET_NAME)";
				SWIFT_VERSION = 5.0;
			};
			name = Release;
		};
/* End XCBuildConfiguration section */

/* Begin XCConfigurationList section */
		4D43A05627F04D5B0004F08F /* Build configuration list for PBXProject "AlfredTool" */ = {
			isa = XCConfigurationList;
			buildConfigurations = (
				4D43A06027F04D5B0004F08F /* Debug */,
				4D43A06127F04D5B0004F08F /* Release */,
			);
			defaultConfigurationIsVisible = 0;
			defaultConfigurationName = Release;
		};
		4D43A12927F424110004F08F /* Build configuration list for PBXNativeTarget "AlfredTool" */ = {
			isa = XCConfigurationList;
			buildConfigurations = (
				4D43A12A27F424110004F08F /* Debug */,
				4D43A12B27F424110004F08F /* Release */,
			);
			defaultConfigurationIsVisible = 0;
			defaultConfigurationName = Release;
		};
/* End XCConfigurationList section */

/* Begin XCRemoteSwiftPackageReference section */
		4D43A11E27F423F70004F08F /* XCRemoteSwiftPackageReference "swift-argument-parser" */ = {
			isa = XCRemoteSwiftPackageReference;
			repositoryURL = "https://github.com/apple/swift-argument-parser.git";
			requirement = {
				kind = upToNextMajorVersion;
				minimumVersion = 1.0.0;
			};
		};
/* End XCRemoteSwiftPackageReference section */

/* Begin XCSwiftPackageProductDependency section */
		4D43A12C27F424270004F08F /* ArgumentParser */ = {
			isa = XCSwiftPackageProductDependency;
			package = 4D43A11E27F423F70004F08F /* XCRemoteSwiftPackageReference "swift-argument-parser" */;
			productName = ArgumentParser;
		};
/* End XCSwiftPackageProductDependency section */
	};
	rootObject = 4D43A05327F04D5B0004F08F /* Project object */;
}
